// !$*UTF8*$!
{
	archiveVersion = 1;
	classes = {
	};
	objectVersion = 56;
	objects = {

/* Begin PBXBuildFile section */
		7B2B28ED29B82A1A00281FC7 /* AppDelegate.swift in Sources */ = {isa = PBXBuildFile; fileRef = 7B2B28EC29B82A1A00281FC7 /* AppDelegate.swift */; };
		7B2B28EF29B82A1A00281FC7 /* SceneDelegate.swift in Sources */ = {isa = PBXBuildFile; fileRef = 7B2B28EE29B82A1A00281FC7 /* SceneDelegate.swift */; };
		7B2B28F129B82A1A00281FC7 /* ViewController.swift in Sources */ = {isa = PBXBuildFile; fileRef = 7B2B28F029B82A1A00281FC7 /* ViewController.swift */; };
		7B2B28F429B82A1A00281FC7 /* Main.storyboard in Resources */ = {isa = PBXBuildFile; fileRef = 7B2B28F229B82A1A00281FC7 /* Main.storyboard */; };
		7B2B28F629B82A1C00281FC7 /* Assets.xcassets in Resources */ = {isa = PBXBuildFile; fileRef = 7B2B28F529B82A1C00281FC7 /* Assets.xcassets */; };
		7B2B28F929B82A1C00281FC7 /* LaunchScreen.storyboard in Resources */ = {isa = PBXBuildFile; fileRef = 7B2B28F729B82A1C00281FC7 /* LaunchScreen.storyboard */; };
		7B2B290429B82A1C00281FC7 /* Dumb_DuelsTests.swift in Sources */ = {isa = PBXBuildFile; fileRef = 7B2B290329B82A1C00281FC7 /* Dumb_DuelsTests.swift */; };
		7B2B290E29B82A1C00281FC7 /* Dumb_DuelsUITests.swift in Sources */ = {isa = PBXBuildFile; fileRef = 7B2B290D29B82A1C00281FC7 /* Dumb_DuelsUITests.swift */; };
		7B2B291029B82A1C00281FC7 /* Dumb_DuelsUITestsLaunchTests.swift in Sources */ = {isa = PBXBuildFile; fileRef = 7B2B290F29B82A1C00281FC7 /* Dumb_DuelsUITestsLaunchTests.swift */; };
/* End PBXBuildFile section */

/* Begin PBXContainerItemProxy section */
		7B2B290029B82A1C00281FC7 /* PBXContainerItemProxy */ = {
			isa = PBXContainerItemProxy;
			containerPortal = 7B2B28E129B82A1A00281FC7 /* Project object */;
			proxyType = 1;
			remoteGlobalIDString = 7B2B28E829B82A1A00281FC7;
			remoteInfo = "Dumb Duels";
		};
		7B2B290A29B82A1C00281FC7 /* PBXContainerItemProxy */ = {
			isa = PBXContainerItemProxy;
			containerPortal = 7B2B28E129B82A1A00281FC7 /* Project object */;
			proxyType = 1;
			remoteGlobalIDString = 7B2B28E829B82A1A00281FC7;
			remoteInfo = "Dumb Duels";
		};
/* End PBXContainerItemProxy section */

/* Begin PBXFileReference section */
		7B2B28E929B82A1A00281FC7 /* Dumb Duels.app */ = {isa = PBXFileReference; explicitFileType = wrapper.application; includeInIndex = 0; path = "Dumb Duels.app"; sourceTree = BUILT_PRODUCTS_DIR; };
		7B2B28EC29B82A1A00281FC7 /* AppDelegate.swift */ = {isa = PBXFileReference; lastKnownFileType = sourcecode.swift; path = AppDelegate.swift; sourceTree = "<group>"; };
		7B2B28EE29B82A1A00281FC7 /* SceneDelegate.swift */ = {isa = PBXFileReference; lastKnownFileType = sourcecode.swift; path = SceneDelegate.swift; sourceTree = "<group>"; };
		7B2B28F029B82A1A00281FC7 /* ViewController.swift */ = {isa = PBXFileReference; lastKnownFileType = sourcecode.swift; path = ViewController.swift; sourceTree = "<group>"; };
		7B2B28F329B82A1A00281FC7 /* Base */ = {isa = PBXFileReference; lastKnownFileType = file.storyboard; name = Base; path = Base.lproj/Main.storyboard; sourceTree = "<group>"; };
		7B2B28F529B82A1C00281FC7 /* Assets.xcassets */ = {isa = PBXFileReference; lastKnownFileType = folder.assetcatalog; path = Assets.xcassets; sourceTree = "<group>"; };
		7B2B28F829B82A1C00281FC7 /* Base */ = {isa = PBXFileReference; lastKnownFileType = file.storyboard; name = Base; path = Base.lproj/LaunchScreen.storyboard; sourceTree = "<group>"; };
		7B2B28FA29B82A1C00281FC7 /* Info.plist */ = {isa = PBXFileReference; lastKnownFileType = text.plist.xml; path = Info.plist; sourceTree = "<group>"; };
		7B2B28FF29B82A1C00281FC7 /* Dumb DuelsTests.xctest */ = {isa = PBXFileReference; explicitFileType = wrapper.cfbundle; includeInIndex = 0; path = "Dumb DuelsTests.xctest"; sourceTree = BUILT_PRODUCTS_DIR; };
		7B2B290329B82A1C00281FC7 /* Dumb_DuelsTests.swift */ = {isa = PBXFileReference; lastKnownFileType = sourcecode.swift; path = Dumb_DuelsTests.swift; sourceTree = "<group>"; };
		7B2B290929B82A1C00281FC7 /* Dumb DuelsUITests.xctest */ = {isa = PBXFileReference; explicitFileType = wrapper.cfbundle; includeInIndex = 0; path = "Dumb DuelsUITests.xctest"; sourceTree = BUILT_PRODUCTS_DIR; };
		7B2B290D29B82A1C00281FC7 /* Dumb_DuelsUITests.swift */ = {isa = PBXFileReference; lastKnownFileType = sourcecode.swift; path = Dumb_DuelsUITests.swift; sourceTree = "<group>"; };
		7B2B290F29B82A1C00281FC7 /* Dumb_DuelsUITestsLaunchTests.swift */ = {isa = PBXFileReference; lastKnownFileType = sourcecode.swift; path = Dumb_DuelsUITestsLaunchTests.swift; sourceTree = "<group>"; };
/* End PBXFileReference section */

/* Begin PBXFrameworksBuildPhase section */
		7B2B28E629B82A1A00281FC7 /* Frameworks */ = {
			isa = PBXFrameworksBuildPhase;
			buildActionMask = 2147483647;
			files = (
			);
			runOnlyForDeploymentPostprocessing = 0;
		};
		7B2B28FC29B82A1C00281FC7 /* Frameworks */ = {
			isa = PBXFrameworksBuildPhase;
			buildActionMask = 2147483647;
			files = (
			);
			runOnlyForDeploymentPostprocessing = 0;
		};
		7B2B290629B82A1C00281FC7 /* Frameworks */ = {
			isa = PBXFrameworksBuildPhase;
			buildActionMask = 2147483647;
			files = (
			);
			runOnlyForDeploymentPostprocessing = 0;
		};
/* End PBXFrameworksBuildPhase section */

/* Begin PBXGroup section */
		7B2B28E029B82A1A00281FC7 = {
			isa = PBXGroup;
			children = (
				7B2B28EB29B82A1A00281FC7 /* Dumb Duels */,
				7B2B290229B82A1C00281FC7 /* Dumb DuelsTests */,
				7B2B290C29B82A1C00281FC7 /* Dumb DuelsUITests */,
				7B2B28EA29B82A1A00281FC7 /* Products */,
			);
			sourceTree = "<group>";
		};
		7B2B28EA29B82A1A00281FC7 /* Products */ = {
			isa = PBXGroup;
			children = (
				7B2B28E929B82A1A00281FC7 /* Dumb Duels.app */,
				7B2B28FF29B82A1C00281FC7 /* Dumb DuelsTests.xctest */,
				7B2B290929B82A1C00281FC7 /* Dumb DuelsUITests.xctest */,
			);
			name = Products;
			sourceTree = "<group>";
		};
		7B2B28EB29B82A1A00281FC7 /* Dumb Duels */ = {
			isa = PBXGroup;
			children = (
				7B2B28EC29B82A1A00281FC7 /* AppDelegate.swift */,
				7B2B28EE29B82A1A00281FC7 /* SceneDelegate.swift */,
				7B2B28F029B82A1A00281FC7 /* ViewController.swift */,
				7B2B28F229B82A1A00281FC7 /* Main.storyboard */,
				7B2B28F529B82A1C00281FC7 /* Assets.xcassets */,
				7B2B28F729B82A1C00281FC7 /* LaunchScreen.storyboard */,
				7B2B28FA29B82A1C00281FC7 /* Info.plist */,
			);
			path = "Dumb Duels";
			sourceTree = "<group>";
		};
		7B2B290229B82A1C00281FC7 /* Dumb DuelsTests */ = {
			isa = PBXGroup;
			children = (
				7B2B290329B82A1C00281FC7 /* Dumb_DuelsTests.swift */,
			);
			path = "Dumb DuelsTests";
			sourceTree = "<group>";
		};
		7B2B290C29B82A1C00281FC7 /* Dumb DuelsUITests */ = {
			isa = PBXGroup;
			children = (
				7B2B290D29B82A1C00281FC7 /* Dumb_DuelsUITests.swift */,
				7B2B290F29B82A1C00281FC7 /* Dumb_DuelsUITestsLaunchTests.swift */,
			);
			path = "Dumb DuelsUITests";
			sourceTree = "<group>";
		};
/* End PBXGroup section */

/* Begin PBXNativeTarget section */
		7B2B28E829B82A1A00281FC7 /* Dumb Duels */ = {
			isa = PBXNativeTarget;
			buildConfigurationList = 7B2B291329B82A1C00281FC7 /* Build configuration list for PBXNativeTarget "Dumb Duels" */;
			buildPhases = (
				7B2B28E529B82A1A00281FC7 /* Sources */,
				7B2B28E629B82A1A00281FC7 /* Frameworks */,
				7B2B28E729B82A1A00281FC7 /* Resources */,
			);
			buildRules = (
			);
			dependencies = (
			);
			name = "Dumb Duels";
			productName = "Dumb Duels";
			productReference = 7B2B28E929B82A1A00281FC7 /* Dumb Duels.app */;
			productType = "com.apple.product-type.application";
		};
		7B2B28FE29B82A1C00281FC7 /* Dumb DuelsTests */ = {
			isa = PBXNativeTarget;
			buildConfigurationList = 7B2B291629B82A1C00281FC7 /* Build configuration list for PBXNativeTarget "Dumb DuelsTests" */;
			buildPhases = (
				7B2B28FB29B82A1C00281FC7 /* Sources */,
				7B2B28FC29B82A1C00281FC7 /* Frameworks */,
				7B2B28FD29B82A1C00281FC7 /* Resources */,
			);
			buildRules = (
			);
			dependencies = (
				7B2B290129B82A1C00281FC7 /* PBXTargetDependency */,
			);
			name = "Dumb DuelsTests";
			productName = "Dumb DuelsTests";
			productReference = 7B2B28FF29B82A1C00281FC7 /* Dumb DuelsTests.xctest */;
			productType = "com.apple.product-type.bundle.unit-test";
		};
		7B2B290829B82A1C00281FC7 /* Dumb DuelsUITests */ = {
			isa = PBXNativeTarget;
			buildConfigurationList = 7B2B291929B82A1C00281FC7 /* Build configuration list for PBXNativeTarget "Dumb DuelsUITests" */;
			buildPhases = (
				7B2B290529B82A1C00281FC7 /* Sources */,
				7B2B290629B82A1C00281FC7 /* Frameworks */,
				7B2B290729B82A1C00281FC7 /* Resources */,
			);
			buildRules = (
			);
			dependencies = (
				7B2B290B29B82A1C00281FC7 /* PBXTargetDependency */,
			);
			name = "Dumb DuelsUITests";
			productName = "Dumb DuelsUITests";
			productReference = 7B2B290929B82A1C00281FC7 /* Dumb DuelsUITests.xctest */;
			productType = "com.apple.product-type.bundle.ui-testing";
		};
/* End PBXNativeTarget section */

/* Begin PBXProject section */
		7B2B28E129B82A1A00281FC7 /* Project object */ = {
			isa = PBXProject;
			attributes = {
				BuildIndependentTargetsInParallel = 1;
				LastSwiftUpdateCheck = 1420;
				LastUpgradeCheck = 1420;
				TargetAttributes = {
					7B2B28E829B82A1A00281FC7 = {
						CreatedOnToolsVersion = 14.2;
					};
					7B2B28FE29B82A1C00281FC7 = {
						CreatedOnToolsVersion = 14.2;
						TestTargetID = 7B2B28E829B82A1A00281FC7;
					};
					7B2B290829B82A1C00281FC7 = {
						CreatedOnToolsVersion = 14.2;
						TestTargetID = 7B2B28E829B82A1A00281FC7;
					};
				};
			};
			buildConfigurationList = 7B2B28E429B82A1A00281FC7 /* Build configuration list for PBXProject "Dumb Duels" */;
			compatibilityVersion = "Xcode 14.0";
			developmentRegion = en;
			hasScannedForEncodings = 0;
			knownRegions = (
				en,
				Base,
			);
			mainGroup = 7B2B28E029B82A1A00281FC7;
			productRefGroup = 7B2B28EA29B82A1A00281FC7 /* Products */;
			projectDirPath = "";
			projectRoot = "";
			targets = (
				7B2B28E829B82A1A00281FC7 /* Dumb Duels */,
				7B2B28FE29B82A1C00281FC7 /* Dumb DuelsTests */,
				7B2B290829B82A1C00281FC7 /* Dumb DuelsUITests */,
			);
		};
/* End PBXProject section */

/* Begin PBXResourcesBuildPhase section */
		7B2B28E729B82A1A00281FC7 /* Resources */ = {
			isa = PBXResourcesBuildPhase;
			buildActionMask = 2147483647;
			files = (
				7B2B28F929B82A1C00281FC7 /* LaunchScreen.storyboard in Resources */,
				7B2B28F629B82A1C00281FC7 /* Assets.xcassets in Resources */,
				7B2B28F429B82A1A00281FC7 /* Main.storyboard in Resources */,
			);
			runOnlyForDeploymentPostprocessing = 0;
		};
		7B2B28FD29B82A1C00281FC7 /* Resources */ = {
			isa = PBXResourcesBuildPhase;
			buildActionMask = 2147483647;
			files = (
			);
			runOnlyForDeploymentPostprocessing = 0;
		};
		7B2B290729B82A1C00281FC7 /* Resources */ = {
			isa = PBXResourcesBuildPhase;
			buildActionMask = 2147483647;
			files = (
			);
			runOnlyForDeploymentPostprocessing = 0;
		};
/* End PBXResourcesBuildPhase section */

/* Begin PBXSourcesBuildPhase section */
		7B2B28E529B82A1A00281FC7 /* Sources */ = {
			isa = PBXSourcesBuildPhase;
			buildActionMask = 2147483647;
			files = (
				7B2B28F129B82A1A00281FC7 /* ViewController.swift in Sources */,
				7B2B28ED29B82A1A00281FC7 /* AppDelegate.swift in Sources */,
				7B2B28EF29B82A1A00281FC7 /* SceneDelegate.swift in Sources */,
			);
			runOnlyForDeploymentPostprocessing = 0;
		};
		7B2B28FB29B82A1C00281FC7 /* Sources */ = {
			isa = PBXSourcesBuildPhase;
			buildActionMask = 2147483647;
			files = (
				7B2B290429B82A1C00281FC7 /* Dumb_DuelsTests.swift in Sources */,
			);
			runOnlyForDeploymentPostprocessing = 0;
		};
		7B2B290529B82A1C00281FC7 /* Sources */ = {
			isa = PBXSourcesBuildPhase;
			buildActionMask = 2147483647;
			files = (
				7B2B291029B82A1C00281FC7 /* Dumb_DuelsUITestsLaunchTests.swift in Sources */,
				7B2B290E29B82A1C00281FC7 /* Dumb_DuelsUITests.swift in Sources */,
			);
			runOnlyForDeploymentPostprocessing = 0;
		};
/* End PBXSourcesBuildPhase section */

/* Begin PBXTargetDependency section */
		7B2B290129B82A1C00281FC7 /* PBXTargetDependency */ = {
			isa = PBXTargetDependency;
			target = 7B2B28E829B82A1A00281FC7 /* Dumb Duels */;
			targetProxy = 7B2B290029B82A1C00281FC7 /* PBXContainerItemProxy */;
		};
		7B2B290B29B82A1C00281FC7 /* PBXTargetDependency */ = {
			isa = PBXTargetDependency;
			target = 7B2B28E829B82A1A00281FC7 /* Dumb Duels */;
			targetProxy = 7B2B290A29B82A1C00281FC7 /* PBXContainerItemProxy */;
		};
/* End PBXTargetDependency section */

/* Begin PBXVariantGroup section */
		7B2B28F229B82A1A00281FC7 /* Main.storyboard */ = {
			isa = PBXVariantGroup;
			children = (
				7B2B28F329B82A1A00281FC7 /* Base */,
			);
			name = Main.storyboard;
			sourceTree = "<group>";
		};
		7B2B28F729B82A1C00281FC7 /* LaunchScreen.storyboard */ = {
			isa = PBXVariantGroup;
			children = (
				7B2B28F829B82A1C00281FC7 /* Base */,
			);
			name = LaunchScreen.storyboard;
			sourceTree = "<group>";
		};
/* End PBXVariantGroup section */

/* Begin XCBuildConfiguration section */
		7B2B291129B82A1C00281FC7 /* Debug */ = {
			isa = XCBuildConfiguration;
			buildSettings = {
				ALWAYS_SEARCH_USER_PATHS = NO;
				CLANG_ANALYZER_NONNULL = YES;
				CLANG_ANALYZER_NUMBER_OBJECT_CONVERSION = YES_AGGRESSIVE;
				CLANG_CXX_LANGUAGE_STANDARD = "gnu++20";
				CLANG_ENABLE_MODULES = YES;
				CLANG_ENABLE_OBJC_ARC = YES;
				CLANG_ENABLE_OBJC_WEAK = YES;
				CLANG_WARN_BLOCK_CAPTURE_AUTORELEASING = YES;
				CLANG_WARN_BOOL_CONVERSION = YES;
				CLANG_WARN_COMMA = YES;
				CLANG_WARN_CONSTANT_CONVERSION = YES;
				CLANG_WARN_DEPRECATED_OBJC_IMPLEMENTATIONS = YES;
				CLANG_WARN_DIRECT_OBJC_ISA_USAGE = YES_ERROR;
				CLANG_WARN_DOCUMENTATION_COMMENTS = YES;
				CLANG_WARN_EMPTY_BODY = YES;
				CLANG_WARN_ENUM_CONVERSION = YES;
				CLANG_WARN_INFINITE_RECURSION = YES;
				CLANG_WARN_INT_CONVERSION = YES;
				CLANG_WARN_NON_LITERAL_NULL_CONVERSION = YES;
				CLANG_WARN_OBJC_IMPLICIT_RETAIN_SELF = YES;
				CLANG_WARN_OBJC_LITERAL_CONVERSION = YES;
				CLANG_WARN_OBJC_ROOT_CLASS = YES_ERROR;
				CLANG_WARN_QUOTED_INCLUDE_IN_FRAMEWORK_HEADER = YES;
				CLANG_WARN_RANGE_LOOP_ANALYSIS = YES;
				CLANG_WARN_STRICT_PROTOTYPES = YES;
				CLANG_WARN_SUSPICIOUS_MOVE = YES;
				CLANG_WARN_UNGUARDED_AVAILABILITY = YES_AGGRESSIVE;
				CLANG_WARN_UNREACHABLE_CODE = YES;
				CLANG_WARN__DUPLICATE_METHOD_MATCH = YES;
				COPY_PHASE_STRIP = NO;
				DEBUG_INFORMATION_FORMAT = dwarf;
				ENABLE_STRICT_OBJC_MSGSEND = YES;
				ENABLE_TESTABILITY = YES;
				GCC_C_LANGUAGE_STANDARD = gnu11;
				GCC_DYNAMIC_NO_PIC = NO;
				GCC_NO_COMMON_BLOCKS = YES;
				GCC_OPTIMIZATION_LEVEL = 0;
				GCC_PREPROCESSOR_DEFINITIONS = (
					"DEBUG=1",
					"$(inherited)",
				);
				GCC_WARN_64_TO_32_BIT_CONVERSION = YES;
				GCC_WARN_ABOUT_RETURN_TYPE = YES_ERROR;
				GCC_WARN_UNDECLARED_SELECTOR = YES;
				GCC_WARN_UNINITIALIZED_AUTOS = YES_AGGRESSIVE;
				GCC_WARN_UNUSED_FUNCTION = YES;
				GCC_WARN_UNUSED_VARIABLE = YES;
				IPHONEOS_DEPLOYMENT_TARGET = 16.2;
				MTL_ENABLE_DEBUG_INFO = INCLUDE_SOURCE;
				MTL_FAST_MATH = YES;
				ONLY_ACTIVE_ARCH = YES;
				SDKROOT = iphoneos;
				SWIFT_ACTIVE_COMPILATION_CONDITIONS = DEBUG;
				SWIFT_OPTIMIZATION_LEVEL = "-Onone";
			};
			name = Debug;
		};
		7B2B291229B82A1C00281FC7 /* Release */ = {
			isa = XCBuildConfiguration;
			buildSettings = {
				ALWAYS_SEARCH_USER_PATHS = NO;
				CLANG_ANALYZER_NONNULL = YES;
				CLANG_ANALYZER_NUMBER_OBJECT_CONVERSION = YES_AGGRESSIVE;
				CLANG_CXX_LANGUAGE_STANDARD = "gnu++20";
				CLANG_ENABLE_MODULES = YES;
				CLANG_ENABLE_OBJC_ARC = YES;
				CLANG_ENABLE_OBJC_WEAK = YES;
				CLANG_WARN_BLOCK_CAPTURE_AUTORELEASING = YES;
				CLANG_WARN_BOOL_CONVERSION = YES;
				CLANG_WARN_COMMA = YES;
				CLANG_WARN_CONSTANT_CONVERSION = YES;
				CLANG_WARN_DEPRECATED_OBJC_IMPLEMENTATIONS = YES;
				CLANG_WARN_DIRECT_OBJC_ISA_USAGE = YES_ERROR;
				CLANG_WARN_DOCUMENTATION_COMMENTS = YES;
				CLANG_WARN_EMPTY_BODY = YES;
				CLANG_WARN_ENUM_CONVERSION = YES;
				CLANG_WARN_INFINITE_RECURSION = YES;
				CLANG_WARN_INT_CONVERSION = YES;
				CLANG_WARN_NON_LITERAL_NULL_CONVERSION = YES;
				CLANG_WARN_OBJC_IMPLICIT_RETAIN_SELF = YES;
				CLANG_WARN_OBJC_LITERAL_CONVERSION = YES;
				CLANG_WARN_OBJC_ROOT_CLASS = YES_ERROR;
				CLANG_WARN_QUOTED_INCLUDE_IN_FRAMEWORK_HEADER = YES;
				CLANG_WARN_RANGE_LOOP_ANALYSIS = YES;
				CLANG_WARN_STRICT_PROTOTYPES = YES;
				CLANG_WARN_SUSPICIOUS_MOVE = YES;
				CLANG_WARN_UNGUARDED_AVAILABILITY = YES_AGGRESSIVE;
				CLANG_WARN_UNREACHABLE_CODE = YES;
				CLANG_WARN__DUPLICATE_METHOD_MATCH = YES;
				COPY_PHASE_STRIP = NO;
				DEBUG_INFORMATION_FORMAT = "dwarf-with-dsym";
				ENABLE_NS_ASSERTIONS = NO;
				ENABLE_STRICT_OBJC_MSGSEND = YES;
				GCC_C_LANGUAGE_STANDARD = gnu11;
				GCC_NO_COMMON_BLOCKS = YES;
				GCC_WARN_64_TO_32_BIT_CONVERSION = YES;
				GCC_WARN_ABOUT_RETURN_TYPE = YES_ERROR;
				GCC_WARN_UNDECLARED_SELECTOR = YES;
				GCC_WARN_UNINITIALIZED_AUTOS = YES_AGGRESSIVE;
				GCC_WARN_UNUSED_FUNCTION = YES;
				GCC_WARN_UNUSED_VARIABLE = YES;
				IPHONEOS_DEPLOYMENT_TARGET = 16.2;
				MTL_ENABLE_DEBUG_INFO = NO;
				MTL_FAST_MATH = YES;
				SDKROOT = iphoneos;
				SWIFT_COMPILATION_MODE = wholemodule;
				SWIFT_OPTIMIZATION_LEVEL = "-O";
				VALIDATE_PRODUCT = YES;
			};
			name = Release;
		};
		7B2B291429B82A1C00281FC7 /* Debug */ = {
			isa = XCBuildConfiguration;
			buildSettings = {
				ASSETCATALOG_COMPILER_APPICON_NAME = AppIcon;
				ASSETCATALOG_COMPILER_GLOBAL_ACCENT_COLOR_NAME = AccentColor;
				CODE_SIGN_STYLE = Automatic;
				CURRENT_PROJECT_VERSION = 1;
				DEVELOPMENT_TEAM = NV79569755;
				GENERATE_INFOPLIST_FILE = YES;
				INFOPLIST_FILE = "Dumb Duels/Info.plist";
				INFOPLIST_KEY_UIApplicationSupportsIndirectInputEvents = YES;
				INFOPLIST_KEY_UILaunchStoryboardName = LaunchScreen;
				INFOPLIST_KEY_UIMainStoryboardFile = Main;
				INFOPLIST_KEY_UISupportedInterfaceOrientations_iPad = "UIInterfaceOrientationPortrait UIInterfaceOrientationPortraitUpsideDown UIInterfaceOrientationLandscapeLeft UIInterfaceOrientationLandscapeRight";
				INFOPLIST_KEY_UISupportedInterfaceOrientations_iPhone = "UIInterfaceOrientationPortrait UIInterfaceOrientationLandscapeLeft UIInterfaceOrientationLandscapeRight";
				LD_RUNPATH_SEARCH_PATHS = (
					"$(inherited)",
					"@executable_path/Frameworks",
				);
				MARKETING_VERSION = 1.0;
				PRODUCT_BUNDLE_IDENTIFIER = "com.dumb-duels.Dumb-Duels";
				PRODUCT_NAME = "$(TARGET_NAME)";
				SWIFT_EMIT_LOC_STRINGS = YES;
				SWIFT_VERSION = 5.0;
				TARGETED_DEVICE_FAMILY = "1,2";
			};
			name = Debug;
		};
		7B2B291529B82A1C00281FC7 /* Release */ = {
			isa = XCBuildConfiguration;
			buildSettings = {
				ASSETCATALOG_COMPILER_APPICON_NAME = AppIcon;
				ASSETCATALOG_COMPILER_GLOBAL_ACCENT_COLOR_NAME = AccentColor;
				CODE_SIGN_STYLE = Automatic;
				CURRENT_PROJECT_VERSION = 1;
				DEVELOPMENT_TEAM = NV79569755;
				GENERATE_INFOPLIST_FILE = YES;
				INFOPLIST_FILE = "Dumb Duels/Info.plist";
				INFOPLIST_KEY_UIApplicationSupportsIndirectInputEvents = YES;
				INFOPLIST_KEY_UILaunchStoryboardName = LaunchScreen;
				INFOPLIST_KEY_UIMainStoryboardFile = Main;
				INFOPLIST_KEY_UISupportedInterfaceOrientations_iPad = "UIInterfaceOrientationPortrait UIInterfaceOrientationPortraitUpsideDown UIInterfaceOrientationLandscapeLeft UIInterfaceOrientationLandscapeRight";
				INFOPLIST_KEY_UISupportedInterfaceOrientations_iPhone = "UIInterfaceOrientationPortrait UIInterfaceOrientationLandscapeLeft UIInterfaceOrientationLandscapeRight";
				LD_RUNPATH_SEARCH_PATHS = (
					"$(inherited)",
					"@executable_path/Frameworks",
				);
				MARKETING_VERSION = 1.0;
				PRODUCT_BUNDLE_IDENTIFIER = "com.dumb-duels.Dumb-Duels";
				PRODUCT_NAME = "$(TARGET_NAME)";
				SWIFT_EMIT_LOC_STRINGS = YES;
				SWIFT_VERSION = 5.0;
				TARGETED_DEVICE_FAMILY = "1,2";
			};
			name = Release;
		};
		7B2B291729B82A1C00281FC7 /* Debug */ = {
			isa = XCBuildConfiguration;
			buildSettings = {
				ALWAYS_EMBED_SWIFT_STANDARD_LIBRARIES = YES;
				BUNDLE_LOADER = "$(TEST_HOST)";
				CODE_SIGN_STYLE = Automatic;
				CURRENT_PROJECT_VERSION = 1;
				DEVELOPMENT_TEAM = NV79569755;
				GENERATE_INFOPLIST_FILE = YES;
				IPHONEOS_DEPLOYMENT_TARGET = 16.2;
				MARKETING_VERSION = 1.0;
				PRODUCT_BUNDLE_IDENTIFIER = "com.dumb-duels.Dumb-DuelsTests";
				PRODUCT_NAME = "$(TARGET_NAME)";
				SWIFT_EMIT_LOC_STRINGS = NO;
				SWIFT_VERSION = 5.0;
				TARGETED_DEVICE_FAMILY = "1,2";
				TEST_HOST = "$(BUILT_PRODUCTS_DIR)/Dumb Duels.app/$(BUNDLE_EXECUTABLE_FOLDER_PATH)/Dumb Duels";
			};
			name = Debug;
		};
		7B2B291829B82A1C00281FC7 /* Release */ = {
			isa = XCBuildConfiguration;
			buildSettings = {
				ALWAYS_EMBED_SWIFT_STANDARD_LIBRARIES = YES;
				BUNDLE_LOADER = "$(TEST_HOST)";
				CODE_SIGN_STYLE = Automatic;
				CURRENT_PROJECT_VERSION = 1;
				DEVELOPMENT_TEAM = NV79569755;
				GENERATE_INFOPLIST_FILE = YES;
				IPHONEOS_DEPLOYMENT_TARGET = 16.2;
				MARKETING_VERSION = 1.0;
				PRODUCT_BUNDLE_IDENTIFIER = "com.dumb-duels.Dumb-DuelsTests";
				PRODUCT_NAME = "$(TARGET_NAME)";
				SWIFT_EMIT_LOC_STRINGS = NO;
				SWIFT_VERSION = 5.0;
				TARGETED_DEVICE_FAMILY = "1,2";
				TEST_HOST = "$(BUILT_PRODUCTS_DIR)/Dumb Duels.app/$(BUNDLE_EXECUTABLE_FOLDER_PATH)/Dumb Duels";
			};
			name = Release;
		};
		7B2B291A29B82A1C00281FC7 /* Debug */ = {
			isa = XCBuildConfiguration;
			buildSettings = {
				ALWAYS_EMBED_SWIFT_STANDARD_LIBRARIES = YES;
				CODE_SIGN_STYLE = Automatic;
				CURRENT_PROJECT_VERSION = 1;
				DEVELOPMENT_TEAM = NV79569755;
				GENERATE_INFOPLIST_FILE = YES;
				MARKETING_VERSION = 1.0;
				PRODUCT_BUNDLE_IDENTIFIER = "com.dumb-duels.Dumb-DuelsUITests";
				PRODUCT_NAME = "$(TARGET_NAME)";
				SWIFT_EMIT_LOC_STRINGS = NO;
				SWIFT_VERSION = 5.0;
				TARGETED_DEVICE_FAMILY = "1,2";
				TEST_TARGET_NAME = "Dumb Duels";
			};
			name = Debug;
		};
		7B2B291B29B82A1C00281FC7 /* Release */ = {
			isa = XCBuildConfiguration;
			buildSettings = {
				ALWAYS_EMBED_SWIFT_STANDARD_LIBRARIES = YES;
				CODE_SIGN_STYLE = Automatic;
				CURRENT_PROJECT_VERSION = 1;
				DEVELOPMENT_TEAM = NV79569755;
				GENERATE_INFOPLIST_FILE = YES;
				MARKETING_VERSION = 1.0;
				PRODUCT_BUNDLE_IDENTIFIER = "com.dumb-duels.Dumb-DuelsUITests";
				PRODUCT_NAME = "$(TARGET_NAME)";
				SWIFT_EMIT_LOC_STRINGS = NO;
				SWIFT_VERSION = 5.0;
				TARGETED_DEVICE_FAMILY = "1,2";
				TEST_TARGET_NAME = "Dumb Duels";
			};
			name = Release;
		};
/* End XCBuildConfiguration section */

/* Begin XCConfigurationList section */
		7B2B28E429B82A1A00281FC7 /* Build configuration list for PBXProject "Dumb Duels" */ = {
			isa = XCConfigurationList;
			buildConfigurations = (
				7B2B291129B82A1C00281FC7 /* Debug */,
				7B2B291229B82A1C00281FC7 /* Release */,
			);
			defaultConfigurationIsVisible = 0;
			defaultConfigurationName = Release;
		};
		7B2B291329B82A1C00281FC7 /* Build configuration list for PBXNativeTarget "Dumb Duels" */ = {
			isa = XCConfigurationList;
			buildConfigurations = (
				7B2B291429B82A1C00281FC7 /* Debug */,
				7B2B291529B82A1C00281FC7 /* Release */,
			);
			defaultConfigurationIsVisible = 0;
			defaultConfigurationName = Release;
		};
		7B2B291629B82A1C00281FC7 /* Build configuration list for PBXNativeTarget "Dumb DuelsTests" */ = {
			isa = XCConfigurationList;
			buildConfigurations = (
				7B2B291729B82A1C00281FC7 /* Debug */,
				7B2B291829B82A1C00281FC7 /* Release */,
			);
			defaultConfigurationIsVisible = 0;
			defaultConfigurationName = Release;
		};
		7B2B291929B82A1C00281FC7 /* Build configuration list for PBXNativeTarget "Dumb DuelsUITests" */ = {
			isa = XCConfigurationList;
			buildConfigurations = (
				7B2B291A29B82A1C00281FC7 /* Debug */,
				7B2B291B29B82A1C00281FC7 /* Release */,
			);
			defaultConfigurationIsVisible = 0;
			defaultConfigurationName = Release;
		};
/* End XCConfigurationList section */
	};
	rootObject = 7B2B28E129B82A1A00281FC7 /* Project object */;
}
