// !$*UTF8*$!
{
	archiveVersion = 1;
	classes = {
	};
	objectVersion = 56;
	objects = {

/* Begin PBXBuildFile section */
		7B2B292929B82BE000281FC7 /* AppDelegate.swift in Sources */ = {isa = PBXBuildFile; fileRef = 7B2B292829B82BE000281FC7 /* AppDelegate.swift */; };
		7B2B292B29B82BE000281FC7 /* SceneDelegate.swift in Sources */ = {isa = PBXBuildFile; fileRef = 7B2B292A29B82BE000281FC7 /* SceneDelegate.swift */; };
		7B2B293029B82BE000281FC7 /* Main.storyboard in Resources */ = {isa = PBXBuildFile; fileRef = 7B2B292E29B82BE000281FC7 /* Main.storyboard */; };
		7B2B293229B82BE300281FC7 /* Assets.xcassets in Resources */ = {isa = PBXBuildFile; fileRef = 7B2B293129B82BE300281FC7 /* Assets.xcassets */; };
		7B2B293529B82BE300281FC7 /* LaunchScreen.storyboard in Resources */ = {isa = PBXBuildFile; fileRef = 7B2B293329B82BE300281FC7 /* LaunchScreen.storyboard */; };
		7B2B294A29B82BE300281FC7 /* DumbDuelsUITests.swift in Sources */ = {isa = PBXBuildFile; fileRef = 7B2B294929B82BE300281FC7 /* DumbDuelsUITests.swift */; };
		7B2B294C29B82BE300281FC7 /* DumbDuelsUITestsLaunchTests.swift in Sources */ = {isa = PBXBuildFile; fileRef = 7B2B294B29B82BE300281FC7 /* DumbDuelsUITestsLaunchTests.swift */; };
		7BA7EB9C29C3633C0096457F /* Assemblage+Requirements.stencil in Resources */ = {isa = PBXBuildFile; fileRef = 7BA7EB9B29C3633C0096457F /* Assemblage+Requirements.stencil */; };
		7BA7EBBB29C36B900096457F /* EventManager.swift in Sources */ = {isa = PBXBuildFile; fileRef = 7BA7EBB929C36B900096457F /* EventManager.swift */; };
		7BA7EBBC29C36B900096457F /* Event.swift in Sources */ = {isa = PBXBuildFile; fileRef = 7BA7EBBA29C36B900096457F /* Event.swift */; };
		7BA7EBD629C36BBD0096457F /* GameManager.swift in Sources */ = {isa = PBXBuildFile; fileRef = 7BA7EBBD29C36BBD0096457F /* GameManager.swift */; };
		7BA7EBD729C36BBD0096457F /* SpriteComponent.swift in Sources */ = {isa = PBXBuildFile; fileRef = 7BA7EBBF29C36BBD0096457F /* SpriteComponent.swift */; };
		7BA7EBD829C36BBD0096457F /* HoldingAxeComponent.swift in Sources */ = {isa = PBXBuildFile; fileRef = 7BA7EBC029C36BBD0096457F /* HoldingAxeComponent.swift */; };
		7BA7EBD929C36BBD0096457F /* PlayerComponent.swift in Sources */ = {isa = PBXBuildFile; fileRef = 7BA7EBC129C36BBD0096457F /* PlayerComponent.swift */; };
		7BA7EBDA29C36BBD0096457F /* SizeComponent.swift in Sources */ = {isa = PBXBuildFile; fileRef = 7BA7EBC229C36BBD0096457F /* SizeComponent.swift */; };
		7BA7EBDB29C36BBD0096457F /* AxeComponent.swift in Sources */ = {isa = PBXBuildFile; fileRef = 7BA7EBC329C36BBD0096457F /* AxeComponent.swift */; };
		7BA7EBDC29C36BBD0096457F /* ScoreComponent.swift in Sources */ = {isa = PBXBuildFile; fileRef = 7BA7EBC429C36BBD0096457F /* ScoreComponent.swift */; };
		7BA7EBDD29C36BBD0096457F /* RotationComponent.swift in Sources */ = {isa = PBXBuildFile; fileRef = 7BA7EBC529C36BBD0096457F /* RotationComponent.swift */; };
		7BA7EBDE29C36BBD0096457F /* PlatformComponent.swift in Sources */ = {isa = PBXBuildFile; fileRef = 7BA7EBC629C36BBD0096457F /* PlatformComponent.swift */; };
		7BA7EBDF29C36BBD0096457F /* PositionComponent.swift in Sources */ = {isa = PBXBuildFile; fileRef = 7BA7EBC729C36BBD0096457F /* PositionComponent.swift */; };
		7BA7EBE029C36BBD0096457F /* RoundSystem.swift in Sources */ = {isa = PBXBuildFile; fileRef = 7BA7EBC929C36BBD0096457F /* RoundSystem.swift */; };
		7BA7EBE129C36BBD0096457F /* PlayerSystem.swift in Sources */ = {isa = PBXBuildFile; fileRef = 7BA7EBCA29C36BBD0096457F /* PlayerSystem.swift */; };
		7BA7EBE229C36BBD0096457F /* PhysicsSystem.swift in Sources */ = {isa = PBXBuildFile; fileRef = 7BA7EBCB29C36BBD0096457F /* PhysicsSystem.swift */; };
		7BA7EBE329C36BBD0096457F /* ScoreSystem.swift in Sources */ = {isa = PBXBuildFile; fileRef = 7BA7EBCC29C36BBD0096457F /* ScoreSystem.swift */; };
		7BA7EBE429C36BBD0096457F /* RenderSystem.swift in Sources */ = {isa = PBXBuildFile; fileRef = 7BA7EBCD29C36BBD0096457F /* RenderSystem.swift */; };
		7BA7EBE529C36BBD0096457F /* ThrowAxeEvent.swift in Sources */ = {isa = PBXBuildFile; fileRef = 7BA7EBCF29C36BBD0096457F /* ThrowAxeEvent.swift */; };
		7BA7EBE629C36BBD0096457F /* JumpEvent.swift in Sources */ = {isa = PBXBuildFile; fileRef = 7BA7EBD029C36BBD0096457F /* JumpEvent.swift */; };
		7BA7EBE729C36BBD0096457F /* ButtonPressEvent.swift in Sources */ = {isa = PBXBuildFile; fileRef = 7BA7EBD129C36BBD0096457F /* ButtonPressEvent.swift */; };
		7BA7EBE829C36BBD0096457F /* EventPriority.swift in Sources */ = {isa = PBXBuildFile; fileRef = 7BA7EBD229C36BBD0096457F /* EventPriority.swift */; };
		7BA7EBE929C36BBD0096457F /* MoveEvent.swift in Sources */ = {isa = PBXBuildFile; fileRef = 7BA7EBD329C36BBD0096457F /* MoveEvent.swift */; };
		7BA7EBEA29C36BBD0096457F /* CollisionEvent.swift in Sources */ = {isa = PBXBuildFile; fileRef = 7BA7EBD429C36BBD0096457F /* CollisionEvent.swift */; };
		7BA7EBEB29C36BBD0096457F /* ResetRoundEvent.swift in Sources */ = {isa = PBXBuildFile; fileRef = 7BA7EBD529C36BBD0096457F /* ResetRoundEvent.swift */; };
		7BA7EBEE29C36BD70096457F /* System.swift in Sources */ = {isa = PBXBuildFile; fileRef = 7BA7EBEC29C36BD70096457F /* System.swift */; };
		7BA7EBEF29C36BD70096457F /* SystemManager.swift in Sources */ = {isa = PBXBuildFile; fileRef = 7BA7EBED29C36BD70096457F /* SystemManager.swift */; };
		7BA7EBF929C36C070096457F /* PriorityQueue.swift in Sources */ = {isa = PBXBuildFile; fileRef = 7BA7EBF729C36C070096457F /* PriorityQueue.swift */; };
		7BA7EBFA29C36C070096457F /* Heap.swift in Sources */ = {isa = PBXBuildFile; fileRef = 7BA7EBF829C36C070096457F /* Heap.swift */; };
		8C35844C29BF29AC00BAE8C5 /* Entity.swift in Sources */ = {isa = PBXBuildFile; fileRef = 8C35844B29BF29AC00BAE8C5 /* Entity.swift */; };
		8C35844E29BF29B500BAE8C5 /* EntityID.swift in Sources */ = {isa = PBXBuildFile; fileRef = 8C35844D29BF29B500BAE8C5 /* EntityID.swift */; };
		8C35845029BF29BD00BAE8C5 /* Component.swift in Sources */ = {isa = PBXBuildFile; fileRef = 8C35844F29BF29BD00BAE8C5 /* Component.swift */; };
		8C35845229BF29EB00BAE8C5 /* EntityManager.swift in Sources */ = {isa = PBXBuildFile; fileRef = 8C35845129BF29EB00BAE8C5 /* EntityManager.swift */; };
		8C35845429BF2DCE00BAE8C5 /* ComponentTypeID.swift in Sources */ = {isa = PBXBuildFile; fileRef = 8C35845329BF2DCE00BAE8C5 /* ComponentTypeID.swift */; };
		8C35845629BF2FBF00BAE8C5 /* ComponentID.swift in Sources */ = {isa = PBXBuildFile; fileRef = 8C35845529BF2FBF00BAE8C5 /* ComponentID.swift */; };
		8C35845829BF3BCC00BAE8C5 /* TraitSet.swift in Sources */ = {isa = PBXBuildFile; fileRef = 8C35845729BF3BCC00BAE8C5 /* TraitSet.swift */; };
		8C35845B29BF3D1D00BAE8C5 /* Pair.swift in Sources */ = {isa = PBXBuildFile; fileRef = 8C35845A29BF3D1D00BAE8C5 /* Pair.swift */; };
		8C35845D29BF3FA300BAE8C5 /* EntityManager+Entity.swift in Sources */ = {isa = PBXBuildFile; fileRef = 8C35845C29BF3FA300BAE8C5 /* EntityManager+Entity.swift */; };
		8C35845F29BF3FB100BAE8C5 /* EntityManager+Component.swift in Sources */ = {isa = PBXBuildFile; fileRef = 8C35845E29BF3FB100BAE8C5 /* EntityManager+Component.swift */; };
		8C35846129BF3FDC00BAE8C5 /* EntityManager+Internal.swift in Sources */ = {isa = PBXBuildFile; fileRef = 8C35846029BF3FDC00BAE8C5 /* EntityManager+Internal.swift */; };
		8C35846329BF4F9900BAE8C5 /* Assemblage.swift in Sources */ = {isa = PBXBuildFile; fileRef = 8C35846229BF4F9900BAE8C5 /* Assemblage.swift */; };
		8C35846929C04D2600BAE8C5 /* EntityManager+Assemblage.swift in Sources */ = {isa = PBXBuildFile; fileRef = 8C35846829C04D2600BAE8C5 /* EntityManager+Assemblage.swift */; };
		8C35846B29C0856200BAE8C5 /* AssemblageRequirementsManager.swift in Sources */ = {isa = PBXBuildFile; fileRef = 8C35846A29C0856200BAE8C5 /* AssemblageRequirementsManager.swift */; };
		8C35846D29C0B5C500BAE8C5 /* EntityManager+ComponentsBuilder.swift in Sources */ = {isa = PBXBuildFile; fileRef = 8C35846C29C0B5C500BAE8C5 /* EntityManager+ComponentsBuilder.swift */; };
		8C35847029C1741100BAE8C5 /* Assemblage+Requirements.generated.swift in Sources */ = {isa = PBXBuildFile; fileRef = 8C35846F29C1741100BAE8C5 /* Assemblage+Requirements.generated.swift */; };
		8C35847329C176BC00BAE8C5 /* EntityCreationTests.swift in Sources */ = {isa = PBXBuildFile; fileRef = 8C35847229C176BC00BAE8C5 /* EntityCreationTests.swift */; };
		8C35847929C177DE00BAE8C5 /* SampleComponents.swift in Sources */ = {isa = PBXBuildFile; fileRef = 8C35847829C177DE00BAE8C5 /* SampleComponents.swift */; };
		8C35847B29C1799500BAE8C5 /* ComponentTests.swift in Sources */ = {isa = PBXBuildFile; fileRef = 8C35847A29C1799500BAE8C5 /* ComponentTests.swift */; };
		8C35848129C1A7F400BAE8C5 /* EntityDestroyTests.swift in Sources */ = {isa = PBXBuildFile; fileRef = 8C35848029C1A7F400BAE8C5 /* EntityDestroyTests.swift */; };
		8C35848329C2BC0A00BAE8C5 /* TraitSetTests.swift in Sources */ = {isa = PBXBuildFile; fileRef = 8C35848229C2BC0A00BAE8C5 /* TraitSetTests.swift */; };
		8C35848529C2BC1C00BAE8C5 /* AssemblageTests.swift in Sources */ = {isa = PBXBuildFile; fileRef = 8C35848429C2BC1C00BAE8C5 /* AssemblageTests.swift */; };
		8C35848729C2FADF00BAE8C5 /* FSM.swift in Sources */ = {isa = PBXBuildFile; fileRef = 8C35848629C2FADF00BAE8C5 /* FSM.swift */; };
		8C35848929C32E9C00BAE8C5 /* ComponentProvider.swift in Sources */ = {isa = PBXBuildFile; fileRef = 8C35848829C32E9C00BAE8C5 /* ComponentProvider.swift */; };
		8C35848B29C32F9B00BAE8C5 /* ComponentProviderTests.swift in Sources */ = {isa = PBXBuildFile; fileRef = 8C35848A29C32F9B00BAE8C5 /* ComponentProviderTests.swift */; };
		8C35848D29C3327E00BAE8C5 /* EntityStateTests.swift in Sources */ = {isa = PBXBuildFile; fileRef = 8C35848C29C3327E00BAE8C5 /* EntityStateTests.swift */; };
		8C35848F29C33D5400BAE8C5 /* EntityStateMachineTests.swift in Sources */ = {isa = PBXBuildFile; fileRef = 8C35848E29C33D5400BAE8C5 /* EntityStateMachineTests.swift */; };
		A7E439F929C374BE00027AC6 /* Positions.swift in Sources */ = {isa = PBXBuildFile; fileRef = A7E439F729C374BE00027AC6 /* Positions.swift */; };
		A7E439FA29C374BE00027AC6 /* Sizes.swift in Sources */ = {isa = PBXBuildFile; fileRef = A7E439F829C374BE00027AC6 /* Sizes.swift */; };
		A7E439FC29C374E800027AC6 /* EntityCreator.swift in Sources */ = {isa = PBXBuildFile; fileRef = A7E439FB29C374E800027AC6 /* EntityCreator.swift */; };
		A7E43A0529C379FC00027AC6 /* GameViewController.swift in Sources */ = {isa = PBXBuildFile; fileRef = A7E43A0329C379FC00027AC6 /* GameViewController.swift */; };
		A7E43A0629C379FC00027AC6 /* HomeViewController.swift in Sources */ = {isa = PBXBuildFile; fileRef = A7E43A0429C379FC00027AC6 /* HomeViewController.swift */; };
		A7E43A0A29C37AD600027AC6 /* GameAreaView.swift in Sources */ = {isa = PBXBuildFile; fileRef = A7E43A0829C37AD600027AC6 /* GameAreaView.swift */; };
		A7E43A0B29C37AD600027AC6 /* PlayerButton.swift in Sources */ = {isa = PBXBuildFile; fileRef = A7E43A0929C37AD600027AC6 /* PlayerButton.swift */; };
/* End PBXBuildFile section */

/* Begin PBXContainerItemProxy section */
		7B2B293C29B82BE300281FC7 /* PBXContainerItemProxy */ = {
			isa = PBXContainerItemProxy;
			containerPortal = 7B2B291D29B82BE000281FC7 /* Project object */;
			proxyType = 1;
			remoteGlobalIDString = 7B2B292429B82BE000281FC7;
			remoteInfo = DumbDuels;
		};
		7B2B294629B82BE300281FC7 /* PBXContainerItemProxy */ = {
			isa = PBXContainerItemProxy;
			containerPortal = 7B2B291D29B82BE000281FC7 /* Project object */;
			proxyType = 1;
			remoteGlobalIDString = 7B2B292429B82BE000281FC7;
			remoteInfo = DumbDuels;
		};
/* End PBXContainerItemProxy section */

/* Begin PBXFileReference section */
		7B2B292529B82BE000281FC7 /* DumbDuels.app */ = {isa = PBXFileReference; explicitFileType = wrapper.application; includeInIndex = 0; path = DumbDuels.app; sourceTree = BUILT_PRODUCTS_DIR; };
		7B2B292829B82BE000281FC7 /* AppDelegate.swift */ = {isa = PBXFileReference; lastKnownFileType = sourcecode.swift; path = AppDelegate.swift; sourceTree = "<group>"; };
		7B2B292A29B82BE000281FC7 /* SceneDelegate.swift */ = {isa = PBXFileReference; lastKnownFileType = sourcecode.swift; path = SceneDelegate.swift; sourceTree = "<group>"; };
		7B2B292F29B82BE000281FC7 /* Base */ = {isa = PBXFileReference; lastKnownFileType = file.storyboard; name = Base; path = Base.lproj/Main.storyboard; sourceTree = "<group>"; };
		7B2B293129B82BE300281FC7 /* Assets.xcassets */ = {isa = PBXFileReference; lastKnownFileType = folder.assetcatalog; path = Assets.xcassets; sourceTree = "<group>"; };
		7B2B293429B82BE300281FC7 /* Base */ = {isa = PBXFileReference; lastKnownFileType = file.storyboard; name = Base; path = Base.lproj/LaunchScreen.storyboard; sourceTree = "<group>"; };
		7B2B293629B82BE300281FC7 /* Info.plist */ = {isa = PBXFileReference; lastKnownFileType = text.plist.xml; path = Info.plist; sourceTree = "<group>"; };
		7B2B293B29B82BE300281FC7 /* DumbDuelsTests.xctest */ = {isa = PBXFileReference; explicitFileType = wrapper.cfbundle; includeInIndex = 0; path = DumbDuelsTests.xctest; sourceTree = BUILT_PRODUCTS_DIR; };
		7B2B294529B82BE300281FC7 /* DumbDuelsUITests.xctest */ = {isa = PBXFileReference; explicitFileType = wrapper.cfbundle; includeInIndex = 0; path = DumbDuelsUITests.xctest; sourceTree = BUILT_PRODUCTS_DIR; };
		7B2B294929B82BE300281FC7 /* DumbDuelsUITests.swift */ = {isa = PBXFileReference; lastKnownFileType = sourcecode.swift; path = DumbDuelsUITests.swift; sourceTree = "<group>"; };
		7B2B294B29B82BE300281FC7 /* DumbDuelsUITestsLaunchTests.swift */ = {isa = PBXFileReference; lastKnownFileType = sourcecode.swift; path = DumbDuelsUITestsLaunchTests.swift; sourceTree = "<group>"; };
		7BA7EB9B29C3633C0096457F /* Assemblage+Requirements.stencil */ = {isa = PBXFileReference; fileEncoding = 4; lastKnownFileType = text; path = "Assemblage+Requirements.stencil"; sourceTree = "<group>"; };
		7BA7EBB929C36B900096457F /* EventManager.swift */ = {isa = PBXFileReference; fileEncoding = 4; lastKnownFileType = sourcecode.swift; path = EventManager.swift; sourceTree = "<group>"; };
		7BA7EBBA29C36B900096457F /* Event.swift */ = {isa = PBXFileReference; fileEncoding = 4; lastKnownFileType = sourcecode.swift; path = Event.swift; sourceTree = "<group>"; };
		7BA7EBBD29C36BBD0096457F /* GameManager.swift */ = {isa = PBXFileReference; fileEncoding = 4; lastKnownFileType = sourcecode.swift; path = GameManager.swift; sourceTree = "<group>"; };
		7BA7EBBF29C36BBD0096457F /* SpriteComponent.swift */ = {isa = PBXFileReference; fileEncoding = 4; lastKnownFileType = sourcecode.swift; path = SpriteComponent.swift; sourceTree = "<group>"; };
		7BA7EBC029C36BBD0096457F /* HoldingAxeComponent.swift */ = {isa = PBXFileReference; fileEncoding = 4; lastKnownFileType = sourcecode.swift; path = HoldingAxeComponent.swift; sourceTree = "<group>"; };
		7BA7EBC129C36BBD0096457F /* PlayerComponent.swift */ = {isa = PBXFileReference; fileEncoding = 4; lastKnownFileType = sourcecode.swift; path = PlayerComponent.swift; sourceTree = "<group>"; };
		7BA7EBC229C36BBD0096457F /* SizeComponent.swift */ = {isa = PBXFileReference; fileEncoding = 4; lastKnownFileType = sourcecode.swift; path = SizeComponent.swift; sourceTree = "<group>"; };
		7BA7EBC329C36BBD0096457F /* AxeComponent.swift */ = {isa = PBXFileReference; fileEncoding = 4; lastKnownFileType = sourcecode.swift; path = AxeComponent.swift; sourceTree = "<group>"; };
		7BA7EBC429C36BBD0096457F /* ScoreComponent.swift */ = {isa = PBXFileReference; fileEncoding = 4; lastKnownFileType = sourcecode.swift; path = ScoreComponent.swift; sourceTree = "<group>"; };
		7BA7EBC529C36BBD0096457F /* RotationComponent.swift */ = {isa = PBXFileReference; fileEncoding = 4; lastKnownFileType = sourcecode.swift; path = RotationComponent.swift; sourceTree = "<group>"; };
		7BA7EBC629C36BBD0096457F /* PlatformComponent.swift */ = {isa = PBXFileReference; fileEncoding = 4; lastKnownFileType = sourcecode.swift; path = PlatformComponent.swift; sourceTree = "<group>"; };
		7BA7EBC729C36BBD0096457F /* PositionComponent.swift */ = {isa = PBXFileReference; fileEncoding = 4; lastKnownFileType = sourcecode.swift; path = PositionComponent.swift; sourceTree = "<group>"; };
		7BA7EBC929C36BBD0096457F /* RoundSystem.swift */ = {isa = PBXFileReference; fileEncoding = 4; lastKnownFileType = sourcecode.swift; path = RoundSystem.swift; sourceTree = "<group>"; };
		7BA7EBCA29C36BBD0096457F /* PlayerSystem.swift */ = {isa = PBXFileReference; fileEncoding = 4; lastKnownFileType = sourcecode.swift; path = PlayerSystem.swift; sourceTree = "<group>"; };
		7BA7EBCB29C36BBD0096457F /* PhysicsSystem.swift */ = {isa = PBXFileReference; fileEncoding = 4; lastKnownFileType = sourcecode.swift; path = PhysicsSystem.swift; sourceTree = "<group>"; };
		7BA7EBCC29C36BBD0096457F /* ScoreSystem.swift */ = {isa = PBXFileReference; fileEncoding = 4; lastKnownFileType = sourcecode.swift; path = ScoreSystem.swift; sourceTree = "<group>"; };
		7BA7EBCD29C36BBD0096457F /* RenderSystem.swift */ = {isa = PBXFileReference; fileEncoding = 4; lastKnownFileType = sourcecode.swift; path = RenderSystem.swift; sourceTree = "<group>"; };
		7BA7EBCF29C36BBD0096457F /* ThrowAxeEvent.swift */ = {isa = PBXFileReference; fileEncoding = 4; lastKnownFileType = sourcecode.swift; path = ThrowAxeEvent.swift; sourceTree = "<group>"; };
		7BA7EBD029C36BBD0096457F /* JumpEvent.swift */ = {isa = PBXFileReference; fileEncoding = 4; lastKnownFileType = sourcecode.swift; path = JumpEvent.swift; sourceTree = "<group>"; };
		7BA7EBD129C36BBD0096457F /* ButtonPressEvent.swift */ = {isa = PBXFileReference; fileEncoding = 4; lastKnownFileType = sourcecode.swift; path = ButtonPressEvent.swift; sourceTree = "<group>"; };
		7BA7EBD229C36BBD0096457F /* EventPriority.swift */ = {isa = PBXFileReference; fileEncoding = 4; lastKnownFileType = sourcecode.swift; path = EventPriority.swift; sourceTree = "<group>"; };
		7BA7EBD329C36BBD0096457F /* MoveEvent.swift */ = {isa = PBXFileReference; fileEncoding = 4; lastKnownFileType = sourcecode.swift; path = MoveEvent.swift; sourceTree = "<group>"; };
		7BA7EBD429C36BBD0096457F /* CollisionEvent.swift */ = {isa = PBXFileReference; fileEncoding = 4; lastKnownFileType = sourcecode.swift; path = CollisionEvent.swift; sourceTree = "<group>"; };
		7BA7EBD529C36BBD0096457F /* ResetRoundEvent.swift */ = {isa = PBXFileReference; fileEncoding = 4; lastKnownFileType = sourcecode.swift; path = ResetRoundEvent.swift; sourceTree = "<group>"; };
		7BA7EBEC29C36BD70096457F /* System.swift */ = {isa = PBXFileReference; fileEncoding = 4; lastKnownFileType = sourcecode.swift; path = System.swift; sourceTree = "<group>"; };
		7BA7EBED29C36BD70096457F /* SystemManager.swift */ = {isa = PBXFileReference; fileEncoding = 4; lastKnownFileType = sourcecode.swift; path = SystemManager.swift; sourceTree = "<group>"; };
		7BA7EBF729C36C070096457F /* PriorityQueue.swift */ = {isa = PBXFileReference; fileEncoding = 4; lastKnownFileType = sourcecode.swift; path = PriorityQueue.swift; sourceTree = "<group>"; };
		7BA7EBF829C36C070096457F /* Heap.swift */ = {isa = PBXFileReference; fileEncoding = 4; lastKnownFileType = sourcecode.swift; path = Heap.swift; sourceTree = "<group>"; };
		8C35844B29BF29AC00BAE8C5 /* Entity.swift */ = {isa = PBXFileReference; lastKnownFileType = sourcecode.swift; path = Entity.swift; sourceTree = "<group>"; };
		8C35844D29BF29B500BAE8C5 /* EntityID.swift */ = {isa = PBXFileReference; lastKnownFileType = sourcecode.swift; path = EntityID.swift; sourceTree = "<group>"; };
		8C35844F29BF29BD00BAE8C5 /* Component.swift */ = {isa = PBXFileReference; lastKnownFileType = sourcecode.swift; path = Component.swift; sourceTree = "<group>"; };
		8C35845129BF29EB00BAE8C5 /* EntityManager.swift */ = {isa = PBXFileReference; lastKnownFileType = sourcecode.swift; path = EntityManager.swift; sourceTree = "<group>"; };
		8C35845329BF2DCE00BAE8C5 /* ComponentTypeID.swift */ = {isa = PBXFileReference; lastKnownFileType = sourcecode.swift; path = ComponentTypeID.swift; sourceTree = "<group>"; };
		8C35845529BF2FBF00BAE8C5 /* ComponentID.swift */ = {isa = PBXFileReference; lastKnownFileType = sourcecode.swift; path = ComponentID.swift; sourceTree = "<group>"; };
		8C35845729BF3BCC00BAE8C5 /* TraitSet.swift */ = {isa = PBXFileReference; lastKnownFileType = sourcecode.swift; path = TraitSet.swift; sourceTree = "<group>"; };
		8C35845A29BF3D1D00BAE8C5 /* Pair.swift */ = {isa = PBXFileReference; lastKnownFileType = sourcecode.swift; path = Pair.swift; sourceTree = "<group>"; };
		8C35845C29BF3FA300BAE8C5 /* EntityManager+Entity.swift */ = {isa = PBXFileReference; lastKnownFileType = sourcecode.swift; path = "EntityManager+Entity.swift"; sourceTree = "<group>"; };
		8C35845E29BF3FB100BAE8C5 /* EntityManager+Component.swift */ = {isa = PBXFileReference; lastKnownFileType = sourcecode.swift; path = "EntityManager+Component.swift"; sourceTree = "<group>"; };
		8C35846029BF3FDC00BAE8C5 /* EntityManager+Internal.swift */ = {isa = PBXFileReference; lastKnownFileType = sourcecode.swift; path = "EntityManager+Internal.swift"; sourceTree = "<group>"; };
		8C35846229BF4F9900BAE8C5 /* Assemblage.swift */ = {isa = PBXFileReference; lastKnownFileType = sourcecode.swift; path = Assemblage.swift; sourceTree = "<group>"; };
		8C35846829C04D2600BAE8C5 /* EntityManager+Assemblage.swift */ = {isa = PBXFileReference; lastKnownFileType = sourcecode.swift; path = "EntityManager+Assemblage.swift"; sourceTree = "<group>"; };
		8C35846A29C0856200BAE8C5 /* AssemblageRequirementsManager.swift */ = {isa = PBXFileReference; lastKnownFileType = sourcecode.swift; path = AssemblageRequirementsManager.swift; sourceTree = "<group>"; };
		8C35846C29C0B5C500BAE8C5 /* EntityManager+ComponentsBuilder.swift */ = {isa = PBXFileReference; lastKnownFileType = sourcecode.swift; path = "EntityManager+ComponentsBuilder.swift"; sourceTree = "<group>"; };
		8C35846F29C1741100BAE8C5 /* Assemblage+Requirements.generated.swift */ = {isa = PBXFileReference; lastKnownFileType = sourcecode.swift; path = "Assemblage+Requirements.generated.swift"; sourceTree = "<group>"; };
		8C35847229C176BC00BAE8C5 /* EntityCreationTests.swift */ = {isa = PBXFileReference; lastKnownFileType = sourcecode.swift; path = EntityCreationTests.swift; sourceTree = "<group>"; };
		8C35847829C177DE00BAE8C5 /* SampleComponents.swift */ = {isa = PBXFileReference; lastKnownFileType = sourcecode.swift; path = SampleComponents.swift; sourceTree = "<group>"; };
		8C35847A29C1799500BAE8C5 /* ComponentTests.swift */ = {isa = PBXFileReference; lastKnownFileType = sourcecode.swift; path = ComponentTests.swift; sourceTree = "<group>"; };
		8C35848029C1A7F400BAE8C5 /* EntityDestroyTests.swift */ = {isa = PBXFileReference; lastKnownFileType = sourcecode.swift; path = EntityDestroyTests.swift; sourceTree = "<group>"; };
		8C35848229C2BC0A00BAE8C5 /* TraitSetTests.swift */ = {isa = PBXFileReference; lastKnownFileType = sourcecode.swift; path = TraitSetTests.swift; sourceTree = "<group>"; };
		8C35848429C2BC1C00BAE8C5 /* AssemblageTests.swift */ = {isa = PBXFileReference; lastKnownFileType = sourcecode.swift; path = AssemblageTests.swift; sourceTree = "<group>"; };
		8C35848629C2FADF00BAE8C5 /* FSM.swift */ = {isa = PBXFileReference; lastKnownFileType = sourcecode.swift; path = FSM.swift; sourceTree = "<group>"; };
		8C35848829C32E9C00BAE8C5 /* ComponentProvider.swift */ = {isa = PBXFileReference; lastKnownFileType = sourcecode.swift; path = ComponentProvider.swift; sourceTree = "<group>"; };
		8C35848A29C32F9B00BAE8C5 /* ComponentProviderTests.swift */ = {isa = PBXFileReference; lastKnownFileType = sourcecode.swift; path = ComponentProviderTests.swift; sourceTree = "<group>"; };
		8C35848C29C3327E00BAE8C5 /* EntityStateTests.swift */ = {isa = PBXFileReference; lastKnownFileType = sourcecode.swift; path = EntityStateTests.swift; sourceTree = "<group>"; };
		8C35848E29C33D5400BAE8C5 /* EntityStateMachineTests.swift */ = {isa = PBXFileReference; lastKnownFileType = sourcecode.swift; path = EntityStateMachineTests.swift; sourceTree = "<group>"; };
		A7E439F729C374BE00027AC6 /* Positions.swift */ = {isa = PBXFileReference; fileEncoding = 4; lastKnownFileType = sourcecode.swift; path = Positions.swift; sourceTree = "<group>"; };
		A7E439F829C374BE00027AC6 /* Sizes.swift */ = {isa = PBXFileReference; fileEncoding = 4; lastKnownFileType = sourcecode.swift; path = Sizes.swift; sourceTree = "<group>"; };
		A7E439FB29C374E800027AC6 /* EntityCreator.swift */ = {isa = PBXFileReference; fileEncoding = 4; lastKnownFileType = sourcecode.swift; path = EntityCreator.swift; sourceTree = "<group>"; };
		A7E43A0329C379FC00027AC6 /* GameViewController.swift */ = {isa = PBXFileReference; fileEncoding = 4; lastKnownFileType = sourcecode.swift; path = GameViewController.swift; sourceTree = "<group>"; };
		A7E43A0429C379FC00027AC6 /* HomeViewController.swift */ = {isa = PBXFileReference; fileEncoding = 4; lastKnownFileType = sourcecode.swift; path = HomeViewController.swift; sourceTree = "<group>"; };
		A7E43A0829C37AD600027AC6 /* GameAreaView.swift */ = {isa = PBXFileReference; fileEncoding = 4; lastKnownFileType = sourcecode.swift; path = GameAreaView.swift; sourceTree = "<group>"; };
		A7E43A0929C37AD600027AC6 /* PlayerButton.swift */ = {isa = PBXFileReference; fileEncoding = 4; lastKnownFileType = sourcecode.swift; path = PlayerButton.swift; sourceTree = "<group>"; };
/* End PBXFileReference section */

/* Begin PBXFrameworksBuildPhase section */
		7B2B292229B82BE000281FC7 /* Frameworks */ = {
			isa = PBXFrameworksBuildPhase;
			buildActionMask = 2147483647;
			files = (
			);
			runOnlyForDeploymentPostprocessing = 0;
		};
		7B2B293829B82BE300281FC7 /* Frameworks */ = {
			isa = PBXFrameworksBuildPhase;
			buildActionMask = 2147483647;
			files = (
			);
			runOnlyForDeploymentPostprocessing = 0;
		};
		7B2B294229B82BE300281FC7 /* Frameworks */ = {
			isa = PBXFrameworksBuildPhase;
			buildActionMask = 2147483647;
			files = (
			);
			runOnlyForDeploymentPostprocessing = 0;
		};
/* End PBXFrameworksBuildPhase section */

/* Begin PBXGroup section */
		7B2B291C29B82BE000281FC7 = {
			isa = PBXGroup;
			children = (
				7B2B292729B82BE000281FC7 /* DumbDuels */,
				7B2B293E29B82BE300281FC7 /* DumbDuelsTests */,
				7B2B294829B82BE300281FC7 /* DumbDuelsUITests */,
				7B2B292629B82BE000281FC7 /* Products */,
			);
			sourceTree = "<group>";
		};
		7B2B292629B82BE000281FC7 /* Products */ = {
			isa = PBXGroup;
			children = (
				7B2B292529B82BE000281FC7 /* DumbDuels.app */,
				7B2B293B29B82BE300281FC7 /* DumbDuelsTests.xctest */,
				7B2B294529B82BE300281FC7 /* DumbDuelsUITests.xctest */,
			);
			name = Products;
			sourceTree = "<group>";
		};
		7B2B292729B82BE000281FC7 /* DumbDuels */ = {
			isa = PBXGroup;
			children = (
				A7E43A0229C379FC00027AC6 /* Controllers */,
				7BA7EBB829C36B900096457F /* Events */,
				7BA7EB7B29C2D4470096457F /* Game */,
				A7E43A0729C37AD600027AC6 /* Views */,
				8C35845929BF3CFD00BAE8C5 /* Utils */,
				8C35844A29BF297000BAE8C5 /* ECSFramework */,
				7B2B292829B82BE000281FC7 /* AppDelegate.swift */,
				7B2B292A29B82BE000281FC7 /* SceneDelegate.swift */,
				7B2B292E29B82BE000281FC7 /* Main.storyboard */,
				7B2B293129B82BE300281FC7 /* Assets.xcassets */,
				7B2B293329B82BE300281FC7 /* LaunchScreen.storyboard */,
				7B2B293629B82BE300281FC7 /* Info.plist */,
			);
			path = DumbDuels;
			sourceTree = "<group>";
		};
		7B2B293E29B82BE300281FC7 /* DumbDuelsTests */ = {
			isa = PBXGroup;
			children = (
				8C35847129C1760F00BAE8C5 /* ECSFrameworkTests */,
			);
			path = DumbDuelsTests;
			sourceTree = "<group>";
		};
		7B2B294829B82BE300281FC7 /* DumbDuelsUITests */ = {
			isa = PBXGroup;
			children = (
				7B2B294929B82BE300281FC7 /* DumbDuelsUITests.swift */,
				7B2B294B29B82BE300281FC7 /* DumbDuelsUITestsLaunchTests.swift */,
			);
			path = DumbDuelsUITests;
			sourceTree = "<group>";
		};
		7BA7EB7B29C2D4470096457F /* Game */ = {
			isa = PBXGroup;
			children = (
				A7E439F629C374BE00027AC6 /* Constants */,
				7BA7EBBE29C36BBD0096457F /* Components */,
				7BA7EBCE29C36BBD0096457F /* Events */,
				A7E439FB29C374E800027AC6 /* EntityCreator.swift */,
				7BA7EBBD29C36BBD0096457F /* GameManager.swift */,
				7BA7EBC829C36BBD0096457F /* Systems */,
			);
			path = Game;
			sourceTree = "<group>";
		};
		7BA7EB9829C362960096457F /* Stencils */ = {
			isa = PBXGroup;
			children = (
				7BA7EB9B29C3633C0096457F /* Assemblage+Requirements.stencil */,
			);
			path = Stencils;
			sourceTree = "<group>";
		};
		7BA7EBB829C36B900096457F /* Events */ = {
			isa = PBXGroup;
			children = (
				7BA7EBB929C36B900096457F /* EventManager.swift */,
				7BA7EBBA29C36B900096457F /* Event.swift */,
			);
			path = Events;
			sourceTree = "<group>";
		};
		7BA7EBBE29C36BBD0096457F /* Components */ = {
			isa = PBXGroup;
			children = (
				7BA7EBBF29C36BBD0096457F /* SpriteComponent.swift */,
				7BA7EBC029C36BBD0096457F /* HoldingAxeComponent.swift */,
				7BA7EBC129C36BBD0096457F /* PlayerComponent.swift */,
				7BA7EBC229C36BBD0096457F /* SizeComponent.swift */,
				7BA7EBC329C36BBD0096457F /* AxeComponent.swift */,
				7BA7EBC429C36BBD0096457F /* ScoreComponent.swift */,
				7BA7EBC529C36BBD0096457F /* RotationComponent.swift */,
				7BA7EBC629C36BBD0096457F /* PlatformComponent.swift */,
				7BA7EBC729C36BBD0096457F /* PositionComponent.swift */,
			);
			path = Components;
			sourceTree = "<group>";
		};
		7BA7EBC829C36BBD0096457F /* Systems */ = {
			isa = PBXGroup;
			children = (
				7BA7EBC929C36BBD0096457F /* RoundSystem.swift */,
				7BA7EBCA29C36BBD0096457F /* PlayerSystem.swift */,
				7BA7EBCB29C36BBD0096457F /* PhysicsSystem.swift */,
				7BA7EBCC29C36BBD0096457F /* ScoreSystem.swift */,
				7BA7EBCD29C36BBD0096457F /* RenderSystem.swift */,
			);
			path = Systems;
			sourceTree = "<group>";
		};
		7BA7EBCE29C36BBD0096457F /* Events */ = {
			isa = PBXGroup;
			children = (
				7BA7EBCF29C36BBD0096457F /* ThrowAxeEvent.swift */,
				7BA7EBD029C36BBD0096457F /* JumpEvent.swift */,
				7BA7EBD129C36BBD0096457F /* ButtonPressEvent.swift */,
				7BA7EBD229C36BBD0096457F /* EventPriority.swift */,
				7BA7EBD329C36BBD0096457F /* MoveEvent.swift */,
				7BA7EBD429C36BBD0096457F /* CollisionEvent.swift */,
				7BA7EBD529C36BBD0096457F /* ResetRoundEvent.swift */,
			);
			path = Events;
			sourceTree = "<group>";
		};
		8C35844A29BF297000BAE8C5 /* ECSFramework */ = {
			isa = PBXGroup;
			children = (
				8C35847729C177CB00BAE8C5 /* TestUtils */,
				7BA7EB9829C362960096457F /* Stencils */,
				8C35846E29C173F000BAE8C5 /* Generated */,
				8C35844B29BF29AC00BAE8C5 /* Entity.swift */,
				8C35844D29BF29B500BAE8C5 /* EntityID.swift */,
				8C35844F29BF29BD00BAE8C5 /* Component.swift */,
				8C35845529BF2FBF00BAE8C5 /* ComponentID.swift */,
				8C35845329BF2DCE00BAE8C5 /* ComponentTypeID.swift */,
				8C35846229BF4F9900BAE8C5 /* Assemblage.swift */,
				8C35846A29C0856200BAE8C5 /* AssemblageRequirementsManager.swift */,
				8C35845729BF3BCC00BAE8C5 /* TraitSet.swift */,
				8C35845129BF29EB00BAE8C5 /* EntityManager.swift */,
				8C35845C29BF3FA300BAE8C5 /* EntityManager+Entity.swift */,
				8C35845E29BF3FB100BAE8C5 /* EntityManager+Component.swift */,
				8C35846829C04D2600BAE8C5 /* EntityManager+Assemblage.swift */,
				8C35846029BF3FDC00BAE8C5 /* EntityManager+Internal.swift */,
				8C35846C29C0B5C500BAE8C5 /* EntityManager+ComponentsBuilder.swift */,
				8C35848629C2FADF00BAE8C5 /* FSM.swift */,
				8C35848829C32E9C00BAE8C5 /* ComponentProvider.swift */,
				7BA7EBEC29C36BD70096457F /* System.swift */,
				7BA7EBED29C36BD70096457F /* SystemManager.swift */,
			);
			path = ECSFramework;
			sourceTree = "<group>";
		};
		8C35845929BF3CFD00BAE8C5 /* Utils */ = {
			isa = PBXGroup;
			children = (
				8C35845A29BF3D1D00BAE8C5 /* Pair.swift */,
				7BA7EBF829C36C070096457F /* Heap.swift */,
				7BA7EBF729C36C070096457F /* PriorityQueue.swift */,
			);
			path = Utils;
			sourceTree = "<group>";
		};
		8C35846E29C173F000BAE8C5 /* Generated */ = {
			isa = PBXGroup;
			children = (
				8C35846F29C1741100BAE8C5 /* Assemblage+Requirements.generated.swift */,
			);
			path = Generated;
			sourceTree = "<group>";
		};
		8C35847129C1760F00BAE8C5 /* ECSFrameworkTests */ = {
			isa = PBXGroup;
			children = (
				8C35847229C176BC00BAE8C5 /* EntityCreationTests.swift */,
				8C35847A29C1799500BAE8C5 /* ComponentTests.swift */,
				8C35848029C1A7F400BAE8C5 /* EntityDestroyTests.swift */,
				8C35848229C2BC0A00BAE8C5 /* TraitSetTests.swift */,
				8C35848429C2BC1C00BAE8C5 /* AssemblageTests.swift */,
				8C35848A29C32F9B00BAE8C5 /* ComponentProviderTests.swift */,
				8C35848C29C3327E00BAE8C5 /* EntityStateTests.swift */,
				8C35848E29C33D5400BAE8C5 /* EntityStateMachineTests.swift */,
			);
			path = ECSFrameworkTests;
			sourceTree = "<group>";
		};
		8C35847729C177CB00BAE8C5 /* TestUtils */ = {
			isa = PBXGroup;
			children = (
				8C35847829C177DE00BAE8C5 /* SampleComponents.swift */,
			);
			path = TestUtils;
			sourceTree = "<group>";
		};
		A7E439F629C374BE00027AC6 /* Constants */ = {
			isa = PBXGroup;
			children = (
				A7E439F729C374BE00027AC6 /* Positions.swift */,
				A7E439F829C374BE00027AC6 /* Sizes.swift */,
			);
			path = Constants;
			sourceTree = "<group>";
		};
		A7E43A0229C379FC00027AC6 /* Controllers */ = {
			isa = PBXGroup;
			children = (
				A7E43A0329C379FC00027AC6 /* GameViewController.swift */,
				A7E43A0429C379FC00027AC6 /* HomeViewController.swift */,
			);
			path = Controllers;
			sourceTree = "<group>";
		};
		A7E43A0729C37AD600027AC6 /* Views */ = {
			isa = PBXGroup;
			children = (
				A7E43A0829C37AD600027AC6 /* GameAreaView.swift */,
				A7E43A0929C37AD600027AC6 /* PlayerButton.swift */,
			);
			path = Views;
			sourceTree = "<group>";
		};
/* End PBXGroup section */

/* Begin PBXNativeTarget section */
		7B2B292429B82BE000281FC7 /* DumbDuels */ = {
			isa = PBXNativeTarget;
			buildConfigurationList = 7B2B294F29B82BE300281FC7 /* Build configuration list for PBXNativeTarget "DumbDuels" */;
			buildPhases = (
				7B2B295829B8717200281FC7 /* Run Swiftlint */,
				7B2B292129B82BE000281FC7 /* Sources */,
				7B2B292229B82BE000281FC7 /* Frameworks */,
				7B2B292329B82BE000281FC7 /* Resources */,
			);
			buildRules = (
			);
			dependencies = (
			);
			name = DumbDuels;
			productName = DumbDuels;
			productReference = 7B2B292529B82BE000281FC7 /* DumbDuels.app */;
			productType = "com.apple.product-type.application";
		};
		7B2B293A29B82BE300281FC7 /* DumbDuelsTests */ = {
			isa = PBXNativeTarget;
			buildConfigurationList = 7B2B295229B82BE300281FC7 /* Build configuration list for PBXNativeTarget "DumbDuelsTests" */;
			buildPhases = (
				7B2B293729B82BE300281FC7 /* Sources */,
				7B2B293829B82BE300281FC7 /* Frameworks */,
				7B2B293929B82BE300281FC7 /* Resources */,
			);
			buildRules = (
			);
			dependencies = (
				7B2B293D29B82BE300281FC7 /* PBXTargetDependency */,
			);
			name = DumbDuelsTests;
			productName = DumbDuelsTests;
			productReference = 7B2B293B29B82BE300281FC7 /* DumbDuelsTests.xctest */;
			productType = "com.apple.product-type.bundle.unit-test";
		};
		7B2B294429B82BE300281FC7 /* DumbDuelsUITests */ = {
			isa = PBXNativeTarget;
			buildConfigurationList = 7B2B295529B82BE300281FC7 /* Build configuration list for PBXNativeTarget "DumbDuelsUITests" */;
			buildPhases = (
				7B2B294129B82BE300281FC7 /* Sources */,
				7B2B294229B82BE300281FC7 /* Frameworks */,
				7B2B294329B82BE300281FC7 /* Resources */,
			);
			buildRules = (
			);
			dependencies = (
				7B2B294729B82BE300281FC7 /* PBXTargetDependency */,
			);
			name = DumbDuelsUITests;
			productName = DumbDuelsUITests;
			productReference = 7B2B294529B82BE300281FC7 /* DumbDuelsUITests.xctest */;
			productType = "com.apple.product-type.bundle.ui-testing";
		};
/* End PBXNativeTarget section */

/* Begin PBXProject section */
		7B2B291D29B82BE000281FC7 /* Project object */ = {
			isa = PBXProject;
			attributes = {
				BuildIndependentTargetsInParallel = 1;
				LastSwiftUpdateCheck = 1420;
				LastUpgradeCheck = 1420;
				TargetAttributes = {
					7B2B292429B82BE000281FC7 = {
						CreatedOnToolsVersion = 14.2;
					};
					7B2B293A29B82BE300281FC7 = {
						CreatedOnToolsVersion = 14.2;
						LastSwiftMigration = 1420;
						TestTargetID = 7B2B292429B82BE000281FC7;
					};
					7B2B294429B82BE300281FC7 = {
						CreatedOnToolsVersion = 14.2;
						TestTargetID = 7B2B292429B82BE000281FC7;
					};
				};
			};
			buildConfigurationList = 7B2B292029B82BE000281FC7 /* Build configuration list for PBXProject "DumbDuels" */;
			compatibilityVersion = "Xcode 14.0";
			developmentRegion = en;
			hasScannedForEncodings = 0;
			knownRegions = (
				en,
				Base,
			);
			mainGroup = 7B2B291C29B82BE000281FC7;
			productRefGroup = 7B2B292629B82BE000281FC7 /* Products */;
			projectDirPath = "";
			projectRoot = "";
			targets = (
				7B2B292429B82BE000281FC7 /* DumbDuels */,
				7B2B293A29B82BE300281FC7 /* DumbDuelsTests */,
				7B2B294429B82BE300281FC7 /* DumbDuelsUITests */,
			);
		};
/* End PBXProject section */

/* Begin PBXResourcesBuildPhase section */
		7B2B292329B82BE000281FC7 /* Resources */ = {
			isa = PBXResourcesBuildPhase;
			buildActionMask = 2147483647;
			files = (
				7B2B293529B82BE300281FC7 /* LaunchScreen.storyboard in Resources */,
				7B2B293229B82BE300281FC7 /* Assets.xcassets in Resources */,
				7BA7EB9C29C3633C0096457F /* Assemblage+Requirements.stencil in Resources */,
				7B2B293029B82BE000281FC7 /* Main.storyboard in Resources */,
			);
			runOnlyForDeploymentPostprocessing = 0;
		};
		7B2B293929B82BE300281FC7 /* Resources */ = {
			isa = PBXResourcesBuildPhase;
			buildActionMask = 2147483647;
			files = (
			);
			runOnlyForDeploymentPostprocessing = 0;
		};
		7B2B294329B82BE300281FC7 /* Resources */ = {
			isa = PBXResourcesBuildPhase;
			buildActionMask = 2147483647;
			files = (
			);
			runOnlyForDeploymentPostprocessing = 0;
		};
/* End PBXResourcesBuildPhase section */

/* Begin PBXShellScriptBuildPhase section */
		7B2B295829B8717200281FC7 /* Run Swiftlint */ = {
			isa = PBXShellScriptBuildPhase;
			alwaysOutOfDate = 1;
			buildActionMask = 2147483647;
			files = (
			);
			inputFileListPaths = (
			);
			inputPaths = (
			);
			name = "Run Swiftlint";
			outputFileListPaths = (
			);
			outputPaths = (
			);
			runOnlyForDeploymentPostprocessing = 0;
			shellPath = /bin/sh;
			shellScript = "export PATH=\"$PATH:/opt/homebrew/bin\"\nif which swiftlint > /dev/null; then\n  swiftlint --fix && swiftlint\nelse\n  echo \"warning: SwiftLint not installed, download from https://github.com/realm/SwiftLint\"\nfi\n";
		};
/* End PBXShellScriptBuildPhase section */

/* Begin PBXSourcesBuildPhase section */
		7B2B292129B82BE000281FC7 /* Sources */ = {
			isa = PBXSourcesBuildPhase;
			buildActionMask = 2147483647;
			files = (
				7BA7EBD729C36BBD0096457F /* SpriteComponent.swift in Sources */,
				8C35848929C32E9C00BAE8C5 /* ComponentProvider.swift in Sources */,
				7BA7EBE529C36BBD0096457F /* ThrowAxeEvent.swift in Sources */,
				8C35844C29BF29AC00BAE8C5 /* Entity.swift in Sources */,
				8C35845D29BF3FA300BAE8C5 /* EntityManager+Entity.swift in Sources */,
				7BA7EBF929C36C070096457F /* PriorityQueue.swift in Sources */,
				8C35845829BF3BCC00BAE8C5 /* TraitSet.swift in Sources */,
				7BA7EBD629C36BBD0096457F /* GameManager.swift in Sources */,
				8C35845229BF29EB00BAE8C5 /* EntityManager.swift in Sources */,
				8C35847029C1741100BAE8C5 /* Assemblage+Requirements.generated.swift in Sources */,
				7BA7EBE829C36BBD0096457F /* EventPriority.swift in Sources */,
				8C35846329BF4F9900BAE8C5 /* Assemblage.swift in Sources */,
				A7E43A0A29C37AD600027AC6 /* GameAreaView.swift in Sources */,
				8C35846B29C0856200BAE8C5 /* AssemblageRequirementsManager.swift in Sources */,
				8C35845429BF2DCE00BAE8C5 /* ComponentTypeID.swift in Sources */,
				7BA7EBD829C36BBD0096457F /* HoldingAxeComponent.swift in Sources */,
				7BA7EBEF29C36BD70096457F /* SystemManager.swift in Sources */,
				7BA7EBDF29C36BBD0096457F /* PositionComponent.swift in Sources */,
				8C35845029BF29BD00BAE8C5 /* Component.swift in Sources */,
				7BA7EBEE29C36BD70096457F /* System.swift in Sources */,
				8C35845F29BF3FB100BAE8C5 /* EntityManager+Component.swift in Sources */,
				8C35846929C04D2600BAE8C5 /* EntityManager+Assemblage.swift in Sources */,
				A7E43A0B29C37AD600027AC6 /* PlayerButton.swift in Sources */,
				7BA7EBFA29C36C070096457F /* Heap.swift in Sources */,
				A7E43A0529C379FC00027AC6 /* GameViewController.swift in Sources */,
				7BA7EBEA29C36BBD0096457F /* CollisionEvent.swift in Sources */,
				7BA7EBE229C36BBD0096457F /* PhysicsSystem.swift in Sources */,
				8C35845B29BF3D1D00BAE8C5 /* Pair.swift in Sources */,
				7BA7EBDE29C36BBD0096457F /* PlatformComponent.swift in Sources */,
				8C35847929C177DE00BAE8C5 /* SampleComponents.swift in Sources */,
				7BA7EBDB29C36BBD0096457F /* AxeComponent.swift in Sources */,
				8C35845629BF2FBF00BAE8C5 /* ComponentID.swift in Sources */,
				7BA7EBBC29C36B900096457F /* Event.swift in Sources */,
				7BA7EBDD29C36BBD0096457F /* RotationComponent.swift in Sources */,
				7BA7EBDC29C36BBD0096457F /* ScoreComponent.swift in Sources */,
				7B2B292929B82BE000281FC7 /* AppDelegate.swift in Sources */,
				A7E439F929C374BE00027AC6 /* Positions.swift in Sources */,
				8C35846D29C0B5C500BAE8C5 /* EntityManager+ComponentsBuilder.swift in Sources */,
				7BA7EBE129C36BBD0096457F /* PlayerSystem.swift in Sources */,
				7B2B292B29B82BE000281FC7 /* SceneDelegate.swift in Sources */,
				7BA7EBEB29C36BBD0096457F /* ResetRoundEvent.swift in Sources */,
				8C35844E29BF29B500BAE8C5 /* EntityID.swift in Sources */,
				7BA7EBD929C36BBD0096457F /* PlayerComponent.swift in Sources */,
				A7E43A0629C379FC00027AC6 /* HomeViewController.swift in Sources */,
				7BA7EBBB29C36B900096457F /* EventManager.swift in Sources */,
				7BA7EBE729C36BBD0096457F /* ButtonPressEvent.swift in Sources */,
				7BA7EBE429C36BBD0096457F /* RenderSystem.swift in Sources */,
				A7E439FA29C374BE00027AC6 /* Sizes.swift in Sources */,
				8C35848729C2FADF00BAE8C5 /* FSM.swift in Sources */,
				8C35846129BF3FDC00BAE8C5 /* EntityManager+Internal.swift in Sources */,
				7BA7EBE029C36BBD0096457F /* RoundSystem.swift in Sources */,
				7BA7EBDA29C36BBD0096457F /* SizeComponent.swift in Sources */,
				7BA7EBE629C36BBD0096457F /* JumpEvent.swift in Sources */,
				7BA7EBE329C36BBD0096457F /* ScoreSystem.swift in Sources */,
				A7E439FC29C374E800027AC6 /* EntityCreator.swift in Sources */,
				7BA7EBE929C36BBD0096457F /* MoveEvent.swift in Sources */,
			);
			runOnlyForDeploymentPostprocessing = 0;
		};
		7B2B293729B82BE300281FC7 /* Sources */ = {
			isa = PBXSourcesBuildPhase;
			buildActionMask = 2147483647;
			files = (
				8C35848B29C32F9B00BAE8C5 /* ComponentProviderTests.swift in Sources */,
				8C35847329C176BC00BAE8C5 /* EntityCreationTests.swift in Sources */,
				8C35848329C2BC0A00BAE8C5 /* TraitSetTests.swift in Sources */,
				8C35848D29C3327E00BAE8C5 /* EntityStateTests.swift in Sources */,
				8C35847B29C1799500BAE8C5 /* ComponentTests.swift in Sources */,
				8C35848129C1A7F400BAE8C5 /* EntityDestroyTests.swift in Sources */,
				8C35848F29C33D5400BAE8C5 /* EntityStateMachineTests.swift in Sources */,
				8C35848529C2BC1C00BAE8C5 /* AssemblageTests.swift in Sources */,
			);
			runOnlyForDeploymentPostprocessing = 0;
		};
		7B2B294129B82BE300281FC7 /* Sources */ = {
			isa = PBXSourcesBuildPhase;
			buildActionMask = 2147483647;
			files = (
				7B2B294C29B82BE300281FC7 /* DumbDuelsUITestsLaunchTests.swift in Sources */,
				7B2B294A29B82BE300281FC7 /* DumbDuelsUITests.swift in Sources */,
			);
			runOnlyForDeploymentPostprocessing = 0;
		};
/* End PBXSourcesBuildPhase section */

/* Begin PBXTargetDependency section */
		7B2B293D29B82BE300281FC7 /* PBXTargetDependency */ = {
			isa = PBXTargetDependency;
			target = 7B2B292429B82BE000281FC7 /* DumbDuels */;
			targetProxy = 7B2B293C29B82BE300281FC7 /* PBXContainerItemProxy */;
		};
		7B2B294729B82BE300281FC7 /* PBXTargetDependency */ = {
			isa = PBXTargetDependency;
			target = 7B2B292429B82BE000281FC7 /* DumbDuels */;
			targetProxy = 7B2B294629B82BE300281FC7 /* PBXContainerItemProxy */;
		};
/* End PBXTargetDependency section */

/* Begin PBXVariantGroup section */
		7B2B292E29B82BE000281FC7 /* Main.storyboard */ = {
			isa = PBXVariantGroup;
			children = (
				7B2B292F29B82BE000281FC7 /* Base */,
			);
			name = Main.storyboard;
			sourceTree = "<group>";
		};
		7B2B293329B82BE300281FC7 /* LaunchScreen.storyboard */ = {
			isa = PBXVariantGroup;
			children = (
				7B2B293429B82BE300281FC7 /* Base */,
			);
			name = LaunchScreen.storyboard;
			sourceTree = "<group>";
		};
/* End PBXVariantGroup section */

/* Begin XCBuildConfiguration section */
		7B2B294D29B82BE300281FC7 /* Debug */ = {
			isa = XCBuildConfiguration;
			buildSettings = {
				ALWAYS_SEARCH_USER_PATHS = NO;
				CLANG_ANALYZER_NONNULL = YES;
				CLANG_ANALYZER_NUMBER_OBJECT_CONVERSION = YES_AGGRESSIVE;
				CLANG_CXX_LANGUAGE_STANDARD = "gnu++20";
				CLANG_ENABLE_MODULES = YES;
				CLANG_ENABLE_OBJC_ARC = YES;
				CLANG_ENABLE_OBJC_WEAK = YES;
				CLANG_WARN_BLOCK_CAPTURE_AUTORELEASING = YES;
				CLANG_WARN_BOOL_CONVERSION = YES;
				CLANG_WARN_COMMA = YES;
				CLANG_WARN_CONSTANT_CONVERSION = YES;
				CLANG_WARN_DEPRECATED_OBJC_IMPLEMENTATIONS = YES;
				CLANG_WARN_DIRECT_OBJC_ISA_USAGE = YES_ERROR;
				CLANG_WARN_DOCUMENTATION_COMMENTS = YES;
				CLANG_WARN_EMPTY_BODY = YES;
				CLANG_WARN_ENUM_CONVERSION = YES;
				CLANG_WARN_INFINITE_RECURSION = YES;
				CLANG_WARN_INT_CONVERSION = YES;
				CLANG_WARN_NON_LITERAL_NULL_CONVERSION = YES;
				CLANG_WARN_OBJC_IMPLICIT_RETAIN_SELF = YES;
				CLANG_WARN_OBJC_LITERAL_CONVERSION = YES;
				CLANG_WARN_OBJC_ROOT_CLASS = YES_ERROR;
				CLANG_WARN_QUOTED_INCLUDE_IN_FRAMEWORK_HEADER = YES;
				CLANG_WARN_RANGE_LOOP_ANALYSIS = YES;
				CLANG_WARN_STRICT_PROTOTYPES = YES;
				CLANG_WARN_SUSPICIOUS_MOVE = YES;
				CLANG_WARN_UNGUARDED_AVAILABILITY = YES_AGGRESSIVE;
				CLANG_WARN_UNREACHABLE_CODE = YES;
				CLANG_WARN__DUPLICATE_METHOD_MATCH = YES;
				COPY_PHASE_STRIP = NO;
				DEBUG_INFORMATION_FORMAT = dwarf;
				ENABLE_STRICT_OBJC_MSGSEND = YES;
				ENABLE_TESTABILITY = YES;
				GCC_C_LANGUAGE_STANDARD = gnu11;
				GCC_DYNAMIC_NO_PIC = NO;
				GCC_NO_COMMON_BLOCKS = YES;
				GCC_OPTIMIZATION_LEVEL = 0;
				GCC_PREPROCESSOR_DEFINITIONS = (
					"DEBUG=1",
					"$(inherited)",
				);
				GCC_WARN_64_TO_32_BIT_CONVERSION = YES;
				GCC_WARN_ABOUT_RETURN_TYPE = YES_ERROR;
				GCC_WARN_UNDECLARED_SELECTOR = YES;
				GCC_WARN_UNINITIALIZED_AUTOS = YES_AGGRESSIVE;
				GCC_WARN_UNUSED_FUNCTION = YES;
				GCC_WARN_UNUSED_VARIABLE = YES;
				IPHONEOS_DEPLOYMENT_TARGET = 16.2;
				MTL_ENABLE_DEBUG_INFO = INCLUDE_SOURCE;
				MTL_FAST_MATH = YES;
				ONLY_ACTIVE_ARCH = YES;
				SDKROOT = iphoneos;
				SWIFT_ACTIVE_COMPILATION_CONDITIONS = DEBUG;
				SWIFT_OPTIMIZATION_LEVEL = "-Onone";
			};
			name = Debug;
		};
		7B2B294E29B82BE300281FC7 /* Release */ = {
			isa = XCBuildConfiguration;
			buildSettings = {
				ALWAYS_SEARCH_USER_PATHS = NO;
				CLANG_ANALYZER_NONNULL = YES;
				CLANG_ANALYZER_NUMBER_OBJECT_CONVERSION = YES_AGGRESSIVE;
				CLANG_CXX_LANGUAGE_STANDARD = "gnu++20";
				CLANG_ENABLE_MODULES = YES;
				CLANG_ENABLE_OBJC_ARC = YES;
				CLANG_ENABLE_OBJC_WEAK = YES;
				CLANG_WARN_BLOCK_CAPTURE_AUTORELEASING = YES;
				CLANG_WARN_BOOL_CONVERSION = YES;
				CLANG_WARN_COMMA = YES;
				CLANG_WARN_CONSTANT_CONVERSION = YES;
				CLANG_WARN_DEPRECATED_OBJC_IMPLEMENTATIONS = YES;
				CLANG_WARN_DIRECT_OBJC_ISA_USAGE = YES_ERROR;
				CLANG_WARN_DOCUMENTATION_COMMENTS = YES;
				CLANG_WARN_EMPTY_BODY = YES;
				CLANG_WARN_ENUM_CONVERSION = YES;
				CLANG_WARN_INFINITE_RECURSION = YES;
				CLANG_WARN_INT_CONVERSION = YES;
				CLANG_WARN_NON_LITERAL_NULL_CONVERSION = YES;
				CLANG_WARN_OBJC_IMPLICIT_RETAIN_SELF = YES;
				CLANG_WARN_OBJC_LITERAL_CONVERSION = YES;
				CLANG_WARN_OBJC_ROOT_CLASS = YES_ERROR;
				CLANG_WARN_QUOTED_INCLUDE_IN_FRAMEWORK_HEADER = YES;
				CLANG_WARN_RANGE_LOOP_ANALYSIS = YES;
				CLANG_WARN_STRICT_PROTOTYPES = YES;
				CLANG_WARN_SUSPICIOUS_MOVE = YES;
				CLANG_WARN_UNGUARDED_AVAILABILITY = YES_AGGRESSIVE;
				CLANG_WARN_UNREACHABLE_CODE = YES;
				CLANG_WARN__DUPLICATE_METHOD_MATCH = YES;
				COPY_PHASE_STRIP = NO;
				DEBUG_INFORMATION_FORMAT = "dwarf-with-dsym";
				ENABLE_NS_ASSERTIONS = NO;
				ENABLE_STRICT_OBJC_MSGSEND = YES;
				GCC_C_LANGUAGE_STANDARD = gnu11;
				GCC_NO_COMMON_BLOCKS = YES;
				GCC_WARN_64_TO_32_BIT_CONVERSION = YES;
				GCC_WARN_ABOUT_RETURN_TYPE = YES_ERROR;
				GCC_WARN_UNDECLARED_SELECTOR = YES;
				GCC_WARN_UNINITIALIZED_AUTOS = YES_AGGRESSIVE;
				GCC_WARN_UNUSED_FUNCTION = YES;
				GCC_WARN_UNUSED_VARIABLE = YES;
				IPHONEOS_DEPLOYMENT_TARGET = 16.2;
				MTL_ENABLE_DEBUG_INFO = NO;
				MTL_FAST_MATH = YES;
				SDKROOT = iphoneos;
				SWIFT_COMPILATION_MODE = wholemodule;
				SWIFT_OPTIMIZATION_LEVEL = "-O";
				VALIDATE_PRODUCT = YES;
			};
			name = Release;
		};
		7B2B295029B82BE300281FC7 /* Debug */ = {
			isa = XCBuildConfiguration;
			buildSettings = {
				ASSETCATALOG_COMPILER_APPICON_NAME = AppIcon;
				ASSETCATALOG_COMPILER_GLOBAL_ACCENT_COLOR_NAME = AccentColor;
				CODE_SIGN_STYLE = Automatic;
				CURRENT_PROJECT_VERSION = 1;
				DEVELOPMENT_TEAM = NV79569755;
				GENERATE_INFOPLIST_FILE = YES;
				INFOPLIST_FILE = DumbDuels/Info.plist;
				INFOPLIST_KEY_CFBundleDisplayName = "Dumb Duels";
				INFOPLIST_KEY_LSApplicationCategoryType = "public.app-category.games";
				INFOPLIST_KEY_UIApplicationSupportsIndirectInputEvents = YES;
				INFOPLIST_KEY_UILaunchStoryboardName = LaunchScreen;
				INFOPLIST_KEY_UIMainStoryboardFile = Main;
				INFOPLIST_KEY_UISupportedInterfaceOrientations = "UIInterfaceOrientationLandscapeLeft UIInterfaceOrientationLandscapeRight UIInterfaceOrientationPortrait";
				INFOPLIST_KEY_UISupportedInterfaceOrientations_iPad = "UIInterfaceOrientationLandscapeLeft UIInterfaceOrientationLandscapeRight";
				LD_RUNPATH_SEARCH_PATHS = (
					"$(inherited)",
					"@executable_path/Frameworks",
				);
				MARKETING_VERSION = 1.0;
				PRODUCT_BUNDLE_IDENTIFIER = "com.dumb-duels.DumbDuels";
				PRODUCT_NAME = "$(TARGET_NAME)";
				SUPPORTED_PLATFORMS = "iphoneos iphonesimulator";
				SUPPORTS_MACCATALYST = NO;
				SUPPORTS_MAC_DESIGNED_FOR_IPHONE_IPAD = NO;
				SWIFT_EMIT_LOC_STRINGS = YES;
				SWIFT_VERSION = 5.0;
				TARGETED_DEVICE_FAMILY = 2;
			};
			name = Debug;
		};
		7B2B295129B82BE300281FC7 /* Release */ = {
			isa = XCBuildConfiguration;
			buildSettings = {
				ASSETCATALOG_COMPILER_APPICON_NAME = AppIcon;
				ASSETCATALOG_COMPILER_GLOBAL_ACCENT_COLOR_NAME = AccentColor;
				CODE_SIGN_STYLE = Automatic;
				CURRENT_PROJECT_VERSION = 1;
				DEVELOPMENT_TEAM = NV79569755;
				GENERATE_INFOPLIST_FILE = YES;
				INFOPLIST_FILE = DumbDuels/Info.plist;
				INFOPLIST_KEY_CFBundleDisplayName = "Dumb Duels";
				INFOPLIST_KEY_LSApplicationCategoryType = "public.app-category.games";
				INFOPLIST_KEY_UIApplicationSupportsIndirectInputEvents = YES;
				INFOPLIST_KEY_UILaunchStoryboardName = LaunchScreen;
				INFOPLIST_KEY_UIMainStoryboardFile = Main;
				INFOPLIST_KEY_UISupportedInterfaceOrientations = "UIInterfaceOrientationLandscapeLeft UIInterfaceOrientationLandscapeRight UIInterfaceOrientationPortrait";
				INFOPLIST_KEY_UISupportedInterfaceOrientations_iPad = "UIInterfaceOrientationLandscapeLeft UIInterfaceOrientationLandscapeRight";
				LD_RUNPATH_SEARCH_PATHS = (
					"$(inherited)",
					"@executable_path/Frameworks",
				);
				MARKETING_VERSION = 1.0;
				PRODUCT_BUNDLE_IDENTIFIER = "com.dumb-duels.DumbDuels";
				PRODUCT_NAME = "$(TARGET_NAME)";
				SUPPORTED_PLATFORMS = "iphoneos iphonesimulator";
				SUPPORTS_MACCATALYST = NO;
				SUPPORTS_MAC_DESIGNED_FOR_IPHONE_IPAD = NO;
				SWIFT_EMIT_LOC_STRINGS = YES;
				SWIFT_VERSION = 5.0;
				TARGETED_DEVICE_FAMILY = 2;
			};
			name = Release;
		};
		7B2B295329B82BE300281FC7 /* Debug */ = {
			isa = XCBuildConfiguration;
			buildSettings = {
				ALWAYS_EMBED_SWIFT_STANDARD_LIBRARIES = YES;
				BUNDLE_LOADER = "$(TEST_HOST)";
				CLANG_ENABLE_MODULES = YES;
				CODE_SIGN_STYLE = Automatic;
				CURRENT_PROJECT_VERSION = 1;
				DEVELOPMENT_TEAM = NV79569755;
				GENERATE_INFOPLIST_FILE = YES;
				IPHONEOS_DEPLOYMENT_TARGET = 16.2;
				LD_RUNPATH_SEARCH_PATHS = (
					"$(inherited)",
					"@executable_path/Frameworks",
					"@loader_path/Frameworks",
				);
				MARKETING_VERSION = 1.0;
				PRODUCT_BUNDLE_IDENTIFIER = "com.dumb-duels.DumbDuelsTests";
				PRODUCT_NAME = "$(TARGET_NAME)";
				SWIFT_EMIT_LOC_STRINGS = NO;
				SWIFT_OPTIMIZATION_LEVEL = "-Onone";
				SWIFT_VERSION = 5.0;
				TARGETED_DEVICE_FAMILY = "1,2";
				TEST_HOST = "$(BUILT_PRODUCTS_DIR)/DumbDuels.app/$(BUNDLE_EXECUTABLE_FOLDER_PATH)/DumbDuels";
			};
			name = Debug;
		};
		7B2B295429B82BE300281FC7 /* Release */ = {
			isa = XCBuildConfiguration;
			buildSettings = {
				ALWAYS_EMBED_SWIFT_STANDARD_LIBRARIES = YES;
				BUNDLE_LOADER = "$(TEST_HOST)";
				CLANG_ENABLE_MODULES = YES;
				CODE_SIGN_STYLE = Automatic;
				CURRENT_PROJECT_VERSION = 1;
				DEVELOPMENT_TEAM = NV79569755;
				GENERATE_INFOPLIST_FILE = YES;
				IPHONEOS_DEPLOYMENT_TARGET = 16.2;
				LD_RUNPATH_SEARCH_PATHS = (
					"$(inherited)",
					"@executable_path/Frameworks",
					"@loader_path/Frameworks",
				);
				MARKETING_VERSION = 1.0;
				PRODUCT_BUNDLE_IDENTIFIER = "com.dumb-duels.DumbDuelsTests";
				PRODUCT_NAME = "$(TARGET_NAME)";
				SWIFT_EMIT_LOC_STRINGS = NO;
				SWIFT_VERSION = 5.0;
				TARGETED_DEVICE_FAMILY = "1,2";
				TEST_HOST = "$(BUILT_PRODUCTS_DIR)/DumbDuels.app/$(BUNDLE_EXECUTABLE_FOLDER_PATH)/DumbDuels";
			};
			name = Release;
		};
		7B2B295629B82BE300281FC7 /* Debug */ = {
			isa = XCBuildConfiguration;
			buildSettings = {
				ALWAYS_EMBED_SWIFT_STANDARD_LIBRARIES = YES;
				CODE_SIGN_STYLE = Automatic;
				CURRENT_PROJECT_VERSION = 1;
				DEVELOPMENT_TEAM = NV79569755;
				GENERATE_INFOPLIST_FILE = YES;
				MARKETING_VERSION = 1.0;
				PRODUCT_BUNDLE_IDENTIFIER = "com.dumb-duels.DumbDuelsUITests";
				PRODUCT_NAME = "$(TARGET_NAME)";
				SWIFT_EMIT_LOC_STRINGS = NO;
				SWIFT_VERSION = 5.0;
				TARGETED_DEVICE_FAMILY = "1,2";
				TEST_TARGET_NAME = DumbDuels;
			};
			name = Debug;
		};
		7B2B295729B82BE300281FC7 /* Release */ = {
			isa = XCBuildConfiguration;
			buildSettings = {
				ALWAYS_EMBED_SWIFT_STANDARD_LIBRARIES = YES;
				CODE_SIGN_STYLE = Automatic;
				CURRENT_PROJECT_VERSION = 1;
				DEVELOPMENT_TEAM = NV79569755;
				GENERATE_INFOPLIST_FILE = YES;
				MARKETING_VERSION = 1.0;
				PRODUCT_BUNDLE_IDENTIFIER = "com.dumb-duels.DumbDuelsUITests";
				PRODUCT_NAME = "$(TARGET_NAME)";
				SWIFT_EMIT_LOC_STRINGS = NO;
				SWIFT_VERSION = 5.0;
				TARGETED_DEVICE_FAMILY = "1,2";
				TEST_TARGET_NAME = DumbDuels;
			};
			name = Release;
		};
/* End XCBuildConfiguration section */

/* Begin XCConfigurationList section */
		7B2B292029B82BE000281FC7 /* Build configuration list for PBXProject "DumbDuels" */ = {
			isa = XCConfigurationList;
			buildConfigurations = (
				7B2B294D29B82BE300281FC7 /* Debug */,
				7B2B294E29B82BE300281FC7 /* Release */,
			);
			defaultConfigurationIsVisible = 0;
			defaultConfigurationName = Release;
		};
		7B2B294F29B82BE300281FC7 /* Build configuration list for PBXNativeTarget "DumbDuels" */ = {
			isa = XCConfigurationList;
			buildConfigurations = (
				7B2B295029B82BE300281FC7 /* Debug */,
				7B2B295129B82BE300281FC7 /* Release */,
			);
			defaultConfigurationIsVisible = 0;
			defaultConfigurationName = Release;
		};
		7B2B295229B82BE300281FC7 /* Build configuration list for PBXNativeTarget "DumbDuelsTests" */ = {
			isa = XCConfigurationList;
			buildConfigurations = (
				7B2B295329B82BE300281FC7 /* Debug */,
				7B2B295429B82BE300281FC7 /* Release */,
			);
			defaultConfigurationIsVisible = 0;
			defaultConfigurationName = Release;
		};
		7B2B295529B82BE300281FC7 /* Build configuration list for PBXNativeTarget "DumbDuelsUITests" */ = {
			isa = XCConfigurationList;
			buildConfigurations = (
				7B2B295629B82BE300281FC7 /* Debug */,
				7B2B295729B82BE300281FC7 /* Release */,
			);
			defaultConfigurationIsVisible = 0;
			defaultConfigurationName = Release;
		};
/* End XCConfigurationList section */
	};
	rootObject = 7B2B291D29B82BE000281FC7 /* Project object */;
}
